<?xml version="1.0" encoding="utf-8"?>
<Project ToolsVersion="4.0" xmlns="http://schemas.microsoft.com/developer/msbuild/2003">
  <ItemGroup>
    <Filter Include="Source Files">
      <UniqueIdentifier>{4FC737F1-C7A5-4376-A066-2A32D752A2FF}</UniqueIdentifier>
      <Extensions>cpp;c;cc;cxx;def;odl;idl;hpj;bat;asm;asmx</Extensions>
    </Filter>
    <Filter Include="Header Files">
      <UniqueIdentifier>{93995380-89BD-4b04-88EB-625FBE52EBFB}</UniqueIdentifier>
      <Extensions>h;hh;hpp;hxx;hm;inl;inc;xsd</Extensions>
    </Filter>
    <Filter Include="Public Header Files">
      <UniqueIdentifier>{2e1de842-0076-43b1-b613-96cc8b510825}</UniqueIdentifier>
    </Filter>
    <Filter Include="Source Files\BubbleSortMedianFloat">
      <UniqueIdentifier>{d49c77c0-5ec9-4472-9971-57b807d0e270}</UniqueIdentifier>
    </Filter>
    <Filter Include="HIPAcc">
      <UniqueIdentifier>{26075d94-de62-46e7-8a3e-f52d1139ad21}</UniqueIdentifier>
    </Filter>
    <Filter Include="HIPAcc\HIPAccOutputs">
      <UniqueIdentifier>{e98d0de4-25c2-46bd-b645-7bdd6e4ba440}</UniqueIdentifier>
    </Filter>
    <Filter Include="HIPAcc\HIPAccSources">
      <UniqueIdentifier>{5ba5f091-bdb5-4e34-b385-fccd43e792ea}</UniqueIdentifier>
    </Filter>
    <Filter Include="HIPAcc\Kernels">
      <UniqueIdentifier>{d904d371-41cd-413b-8559-56b5420ee5b1}</UniqueIdentifier>
    </Filter>
    <Filter Include="HIPAcc\HIPAccOutputs\BubbleSortFloat">
      <UniqueIdentifier>{663f2a75-91e9-415e-bb97-cc1df5495dd1}</UniqueIdentifier>
    </Filter>
    <Filter Include="HIPAcc\HIPAccSources\BubbleSortFloat">
      <UniqueIdentifier>{6245d1ae-25f7-42bb-ba13-33e63cf17ca3}</UniqueIdentifier>
    </Filter>
    <Filter Include="HIPAcc\Kernels\BubbleSortFloat">
      <UniqueIdentifier>{53c5da5e-3f9f-4fde-8ef6-abb55fa930cc}</UniqueIdentifier>
    </Filter>
    <Filter Include="Source Files\BubbleSortMedianUInt8">
      <UniqueIdentifier>{5b8c5033-1899-47c6-919b-853f76c1302e}</UniqueIdentifier>
    </Filter>
    <Filter Include="HIPAcc\Kernels\BubbleSortUInt8">
      <UniqueIdentifier>{d18352c1-e8fd-4133-afa4-48eb8483b797}</UniqueIdentifier>
    </Filter>
    <Filter Include="HIPAcc\HIPAccSources\BubbleSortUInt8">
      <UniqueIdentifier>{4f258044-2f41-4957-be4c-0dd32b8fb337}</UniqueIdentifier>
    </Filter>
    <Filter Include="HIPAcc\HIPAccOutputs\BubbleSortUInt8">
      <UniqueIdentifier>{82dc7ab0-c03c-47d6-b182-59f8893b41cb}</UniqueIdentifier>
    </Filter>
  </ItemGroup>
  <ItemGroup>
    <Text Include="ReadMe.txt" />
  </ItemGroup>
  <ItemGroup>
    <ClInclude Include="..\..\include\BubbleSortMedian\BubbleSortMedian.h">
      <Filter>Public Header Files</Filter>
    </ClInclude>
    <ClInclude Include="..\..\src\BubbleSortMedian\stdafx.h">
      <Filter>Header Files</Filter>
    </ClInclude>
    <ClInclude Include="..\..\src\BubbleSortMedian\targetver.h">
      <Filter>Header Files</Filter>
    </ClInclude>
    <ClInclude Include="..\..\src\BubbleSortMedian\BubbleSortMedianFloat\BubbleSortMedianFloatHandlers.h">
      <Filter>Source Files\BubbleSortMedianFloat</Filter>
    </ClInclude>
    <ClInclude Include="..\..\src\BubbleSortMedian\HIPAccSources\BubbleSortGeneric.hxx">
      <Filter>HIPAcc\HIPAccSources</Filter>
    </ClInclude>
    <ClInclude Include="..\..\src\BubbleSortMedian\HIPAccSources\BubbleSortFloat\BubbleSortFloatDefines.h">
      <Filter>HIPAcc\HIPAccSources\BubbleSortFloat</Filter>
    </ClInclude>
    <ClInclude Include="..\..\src\BubbleSortMedian\BubbleSortMedianUInt8\BubbleSortMedianUInt8Handlers.h">
      <Filter>Source Files\BubbleSortMedianUInt8</Filter>
    </ClInclude>
    <ClInclude Include="..\..\src\BubbleSortMedian\HIPAccSources\BubbleSortUInt8\BubbleSortUInt8Defines.h">
      <Filter>HIPAcc\HIPAccSources\BubbleSortUInt8</Filter>
    </ClInclude>
    <ClInclude Include="..\..\src\BubbleSortMedian\BubbleSortMedianDefines.h">
      <Filter>Header Files</Filter>
    </ClInclude>
    <ClInclude Include="..\..\src\BubbleSortMedian\BubbleSortMedianHandlerDefines.h">
      <Filter>Header Files</Filter>
    </ClInclude>
  </ItemGroup>
  <ItemGroup>
    <ClCompile Include="..\..\src\BubbleSortMedian\BubbleSortMedian.cpp">
      <Filter>Source Files</Filter>
    </ClCompile>
    <ClCompile Include="..\..\src\BubbleSortMedian\stdafx.cpp">
      <Filter>Source Files</Filter>
    </ClCompile>
    <ClCompile Include="..\..\src\BubbleSortMedian\BubbleSortMedianFloat\BubbleSortMedianFloat.cpp">
      <Filter>Source Files\BubbleSortMedianFloat</Filter>
    </ClCompile>
    <ClCompile Include="..\..\src\BubbleSortMedian\BubbleSortMedianFloat\BubbleSortMedianFloatHandlersAVX.cpp">
      <Filter>Source Files\BubbleSortMedianFloat</Filter>
    </ClCompile>
    <ClCompile Include="..\..\src\BubbleSortMedian\BubbleSortMedianFloat\BubbleSortMedianFloatHandlersScalar.cpp">
      <Filter>Source Files\BubbleSortMedianFloat</Filter>
    </ClCompile>
    <ClCompile Include="..\..\src\BubbleSortMedian\BubbleSortMedianFloat\BubbleSortMedianFloatHandlersSSE.cpp">
      <Filter>Source Files\BubbleSortMedianFloat</Filter>
    </ClCompile>
    <ClCompile Include="..\..\src\BubbleSortMedian\HIPAccOutputs\BubbleSortFloatAVX_out.cpp">
      <Filter>HIPAcc\HIPAccOutputs\BubbleSortFloat</Filter>
    </ClCompile>
    <ClCompile Include="..\..\src\BubbleSortMedian\HIPAccOutputs\BubbleSortFloatScalar_out.cpp">
      <Filter>HIPAcc\HIPAccOutputs\BubbleSortFloat</Filter>
    </ClCompile>
    <ClCompile Include="..\..\src\BubbleSortMedian\HIPAccOutputs\BubbleSortFloatSSE2_out.cpp">
      <Filter>HIPAcc\HIPAccOutputs\BubbleSortFloat</Filter>
    </ClCompile>
    <ClCompile Include="..\..\src\BubbleSortMedian\HIPAccOutputs\BubbleSortFloatSSE3_out.cpp">
      <Filter>HIPAcc\HIPAccOutputs\BubbleSortFloat</Filter>
    </ClCompile>
    <ClCompile Include="..\..\src\BubbleSortMedian\HIPAccOutputs\BubbleSortFloatSSE4_1_out.cpp">
      <Filter>HIPAcc\HIPAccOutputs\BubbleSortFloat</Filter>
    </ClCompile>
    <ClCompile Include="..\..\src\BubbleSortMedian\HIPAccOutputs\BubbleSortFloatSSE4_2_out.cpp">
      <Filter>HIPAcc\HIPAccOutputs\BubbleSortFloat</Filter>
    </ClCompile>
    <ClCompile Include="..\..\src\BubbleSortMedian\HIPAccOutputs\BubbleSortFloatSSSE3_out.cpp">
      <Filter>HIPAcc\HIPAccOutputs\BubbleSortFloat</Filter>
    </ClCompile>
    <ClCompile Include="ccBubbleSortFloat_AVXfilter.cc">
      <Filter>HIPAcc\Kernels\BubbleSortFloat</Filter>
    </ClCompile>
    <ClCompile Include="ccBubbleSortFloat_Scalarfilter.cc">
      <Filter>HIPAcc\Kernels\BubbleSortFloat</Filter>
    </ClCompile>
    <ClCompile Include="ccBubbleSortFloat_SSE2filter.cc">
      <Filter>HIPAcc\Kernels\BubbleSortFloat</Filter>
    </ClCompile>
    <ClCompile Include="ccBubbleSortFloat_SSE3filter.cc">
      <Filter>HIPAcc\Kernels\BubbleSortFloat</Filter>
    </ClCompile>
    <ClCompile Include="ccBubbleSortFloat_SSE4_1filter.cc">
      <Filter>HIPAcc\Kernels\BubbleSortFloat</Filter>
    </ClCompile>
    <ClCompile Include="ccBubbleSortFloat_SSE4_2filter.cc">
      <Filter>HIPAcc\Kernels\BubbleSortFloat</Filter>
    </ClCompile>
    <ClCompile Include="ccBubbleSortFloat_SSSE3filter.cc">
      <Filter>HIPAcc\Kernels\BubbleSortFloat</Filter>
    </ClCompile>
    <ClCompile Include="..\..\src\BubbleSortMedian\BubbleSortMedianUInt8\BubbleSortMedianUInt8.cpp">
      <Filter>Source Files\BubbleSortMedianUInt8</Filter>
    </ClCompile>
    <ClCompile Include="..\..\src\BubbleSortMedian\BubbleSortMedianUInt8\BubbleSortMedianUInt8HandlersAVX.cpp">
      <Filter>Source Files\BubbleSortMedianUInt8</Filter>
    </ClCompile>
    <ClCompile Include="..\..\src\BubbleSortMedian\BubbleSortMedianUInt8\BubbleSortMedianUInt8HandlersScalar.cpp">
      <Filter>Source Files\BubbleSortMedianUInt8</Filter>
    </ClCompile>
    <ClCompile Include="..\..\src\BubbleSortMedian\BubbleSortMedianUInt8\BubbleSortMedianUInt8HandlersSSE.cpp">
      <Filter>Source Files\BubbleSortMedianUInt8</Filter>
    </ClCompile>
    <ClCompile Include="..\..\src\BubbleSortMedian\HIPAccOutputs\BubbleSortUInt8AVX_out.cpp">
      <Filter>HIPAcc\HIPAccOutputs\BubbleSortUInt8</Filter>
    </ClCompile>
    <ClCompile Include="..\..\src\BubbleSortMedian\HIPAccOutputs\BubbleSortUInt8Scalar_out.cpp">
      <Filter>HIPAcc\HIPAccOutputs\BubbleSortUInt8</Filter>
    </ClCompile>
    <ClCompile Include="..\..\src\BubbleSortMedian\HIPAccOutputs\BubbleSortUInt8SSE2_out.cpp">
      <Filter>HIPAcc\HIPAccOutputs\BubbleSortUInt8</Filter>
    </ClCompile>
    <ClCompile Include="..\..\src\BubbleSortMedian\HIPAccOutputs\BubbleSortUInt8SSE3_out.cpp">
      <Filter>HIPAcc\HIPAccOutputs\BubbleSortUInt8</Filter>
    </ClCompile>
    <ClCompile Include="..\..\src\BubbleSortMedian\HIPAccOutputs\BubbleSortUInt8SSE4_1_out.cpp">
      <Filter>HIPAcc\HIPAccOutputs\BubbleSortUInt8</Filter>
    </ClCompile>
    <ClCompile Include="..\..\src\BubbleSortMedian\HIPAccOutputs\BubbleSortUInt8SSE4_2_out.cpp">
      <Filter>HIPAcc\HIPAccOutputs\BubbleSortUInt8</Filter>
    </ClCompile>
    <ClCompile Include="..\..\src\BubbleSortMedian\HIPAccOutputs\BubbleSortUInt8SSSE3_out.cpp">
      <Filter>HIPAcc\HIPAccOutputs\BubbleSortUInt8</Filter>
    </ClCompile>
    <ClCompile Include="ccBubbleSortUInt8_AVXfilter.cc">
      <Filter>HIPAcc\Kernels\BubbleSortUInt8</Filter>
    </ClCompile>
    <ClCompile Include="ccBubbleSortUInt8_Scalarfilter.cc">
      <Filter>HIPAcc\Kernels\BubbleSortUInt8</Filter>
    </ClCompile>
    <ClCompile Include="ccBubbleSortUInt8_SSE2filter.cc">
      <Filter>HIPAcc\Kernels\BubbleSortUInt8</Filter>
    </ClCompile>
    <ClCompile Include="ccBubbleSortUInt8_SSE3filter.cc">
      <Filter>HIPAcc\Kernels\BubbleSortUInt8</Filter>
    </ClCompile>
    <ClCompile Include="ccBubbleSortUInt8_SSE4_1filter.cc">
      <Filter>HIPAcc\Kernels\BubbleSortUInt8</Filter>
    </ClCompile>
    <ClCompile Include="ccBubbleSortUInt8_SSE4_2filter.cc">
      <Filter>HIPAcc\Kernels\BubbleSortUInt8</Filter>
    </ClCompile>
    <ClCompile Include="ccBubbleSortUInt8_SSSE3filter.cc">
      <Filter>HIPAcc\Kernels\BubbleSortUInt8</Filter>
    </ClCompile>
  </ItemGroup>
  <ItemGroup>
    <HIPAccCompiler Include="..\..\src\BubbleSortMedian\HIPAccSources\BubbleSortFloat\BubbleSortFloatAVX.cpp">
      <Filter>HIPAcc\HIPAccSources\BubbleSortFloat</Filter>
    </HIPAccCompiler>
    <HIPAccCompiler Include="..\..\src\BubbleSortMedian\HIPAccSources\BubbleSortFloat\BubbleSortFloatScalar.cpp">
      <Filter>HIPAcc\HIPAccSources\BubbleSortFloat</Filter>
    </HIPAccCompiler>
    <HIPAccCompiler Include="..\..\src\BubbleSortMedian\HIPAccSources\BubbleSortFloat\BubbleSortFloatSSE2.cpp">
      <Filter>HIPAcc\HIPAccSources\BubbleSortFloat</Filter>
    </HIPAccCompiler>
    <HIPAccCompiler Include="..\..\src\BubbleSortMedian\HIPAccSources\BubbleSortFloat\BubbleSortFloatSSE3.cpp">
      <Filter>HIPAcc\HIPAccSources\BubbleSortFloat</Filter>
    </HIPAccCompiler>
    <HIPAccCompiler Include="..\..\src\BubbleSortMedian\HIPAccSources\BubbleSortFloat\BubbleSortFloatSSE4_1.cpp">
      <Filter>HIPAcc\HIPAccSources\BubbleSortFloat</Filter>
    </HIPAccCompiler>
    <HIPAccCompiler Include="..\..\src\BubbleSortMedian\HIPAccSources\BubbleSortFloat\BubbleSortFloatSSE4_2.cpp">
      <Filter>HIPAcc\HIPAccSources\BubbleSortFloat</Filter>
    </HIPAccCompiler>
    <HIPAccCompiler Include="..\..\src\BubbleSortMedian\HIPAccSources\BubbleSortFloat\BubbleSortFloatSSSE3.cpp">
      <Filter>HIPAcc\HIPAccSources\BubbleSortFloat</Filter>
    </HIPAccCompiler>
    <HIPAccCompiler Include="..\..\src\BubbleSortMedian\HIPAccSources\BubbleSortUInt8\BubbleSortUInt8AVX.cpp">
      <Filter>HIPAcc\HIPAccSources\BubbleSortUInt8</Filter>
    </HIPAccCompiler>
    <HIPAccCompiler Include="..\..\src\BubbleSortMedian\HIPAccSources\BubbleSortUInt8\BubbleSortUInt8Scalar.cpp">
      <Filter>HIPAcc\HIPAccSources\BubbleSortUInt8</Filter>
    </HIPAccCompiler>
    <HIPAccCompiler Include="..\..\src\BubbleSortMedian\HIPAccSources\BubbleSortUInt8\BubbleSortUInt8SSE2.cpp">
      <Filter>HIPAcc\HIPAccSources\BubbleSortUInt8</Filter>
    </HIPAccCompiler>
    <HIPAccCompiler Include="..\..\src\BubbleSortMedian\HIPAccSources\BubbleSortUInt8\BubbleSortUInt8SSE3.cpp">
      <Filter>HIPAcc\HIPAccSources\BubbleSortUInt8</Filter>
    </HIPAccCompiler>
    <HIPAccCompiler Include="..\..\src\BubbleSortMedian\HIPAccSources\BubbleSortUInt8\BubbleSortUInt8SSE4_1.cpp">
      <Filter>HIPAcc\HIPAccSources\BubbleSortUInt8</Filter>
    </HIPAccCompiler>
    <HIPAccCompiler Include="..\..\src\BubbleSortMedian\HIPAccSources\BubbleSortUInt8\BubbleSortUInt8SSE4_2.cpp">
      <Filter>HIPAcc\HIPAccSources\BubbleSortUInt8</Filter>
    </HIPAccCompiler>
    <HIPAccCompiler Include="..\..\src\BubbleSortMedian\HIPAccSources\BubbleSortUInt8\BubbleSortUInt8SSSE3.cpp">
      <Filter>HIPAcc\HIPAccSources\BubbleSortUInt8</Filter>
    </HIPAccCompiler>
  </ItemGroup>
</Project>