<?xml version="1.0" encoding="utf-8"?>
<Project ToolsVersion="4.0" xmlns="http://schemas.microsoft.com/developer/msbuild/2003">
  <ItemGroup>
    <Filter Include="Source Files">
      <UniqueIdentifier>{4FC737F1-C7A5-4376-A066-2A32D752A2FF}</UniqueIdentifier>
      <Extensions>cpp;c;cc;cxx;def;odl;idl;hpj;bat;asm;asmx</Extensions>
    </Filter>
    <Filter Include="Header Files">
      <UniqueIdentifier>{93995380-89BD-4b04-88EB-625FBE52EBFB}</UniqueIdentifier>
      <Extensions>h;hh;hpp;hxx;hm;inl;inc;xsd</Extensions>
    </Filter>
    <Filter Include="Public Header Files">
      <UniqueIdentifier>{68aaac7e-302f-4486-8691-73ccf68b9415}</UniqueIdentifier>
    </Filter>
    <Filter Include="Source Files\TopologicalErosionFloat">
      <UniqueIdentifier>{c72d46df-513b-417d-81be-8034b1d1e6d7}</UniqueIdentifier>
    </Filter>
    <Filter Include="HIPAcc">
      <UniqueIdentifier>{3139e66e-ec00-413d-8390-bc70b203b2bf}</UniqueIdentifier>
    </Filter>
    <Filter Include="HIPAcc\HIPAccOutputs">
      <UniqueIdentifier>{6c089525-65bb-4536-bce1-0fead7fd13dd}</UniqueIdentifier>
    </Filter>
    <Filter Include="HIPAcc\HIPAccSources">
      <UniqueIdentifier>{dc288210-fbe9-4286-8874-4f3a41f349d5}</UniqueIdentifier>
    </Filter>
    <Filter Include="HIPAcc\Kernels">
      <UniqueIdentifier>{e5ee0270-c96a-4b1c-a124-6330b64f9059}</UniqueIdentifier>
    </Filter>
    <Filter Include="HIPAcc\HIPAccOutputs\TopErosionFloat">
      <UniqueIdentifier>{c69207ce-de7b-46bc-a741-0010205f0d11}</UniqueIdentifier>
    </Filter>
    <Filter Include="HIPAcc\HIPAccSources\TopErosionFloat">
      <UniqueIdentifier>{367c64a0-20ea-4b8b-819e-789f99cf4a78}</UniqueIdentifier>
    </Filter>
    <Filter Include="HIPAcc\Kernels\TopErosionFloat">
      <UniqueIdentifier>{b7752c94-1fe3-46c1-a38c-28c1df78ef8e}</UniqueIdentifier>
    </Filter>
    <Filter Include="Source Files\TopologicalErosionUInt8">
      <UniqueIdentifier>{873b8c3d-bf48-403e-b355-f56b4adfdd8a}</UniqueIdentifier>
    </Filter>
    <Filter Include="HIPAcc\HIPAccOutputs\TopErosionUInt8">
      <UniqueIdentifier>{d9f73b51-fe8c-41d4-ba6b-1ed291a00a25}</UniqueIdentifier>
    </Filter>
    <Filter Include="HIPAcc\Kernels\TopErosionUInt8">
      <UniqueIdentifier>{3ecc9fcb-5e01-4bc0-abe6-d24b2aa3ae92}</UniqueIdentifier>
    </Filter>
    <Filter Include="HIPAcc\HIPAccSources\TopErosionUInt8">
      <UniqueIdentifier>{681c005c-8b0d-4988-a688-dcb5792e706d}</UniqueIdentifier>
    </Filter>
  </ItemGroup>
  <ItemGroup>
    <Text Include="ReadMe.txt" />
  </ItemGroup>
  <ItemGroup>
    <ClInclude Include="..\..\include\TopologicalErosion\TopologicalErosion.h">
      <Filter>Public Header Files</Filter>
    </ClInclude>
    <ClInclude Include="..\..\src\TopologicalErosion\stdafx.h">
      <Filter>Header Files</Filter>
    </ClInclude>
    <ClInclude Include="..\..\src\TopologicalErosion\targetver.h">
      <Filter>Header Files</Filter>
    </ClInclude>
    <ClInclude Include="..\..\src\TopologicalErosion\HIPAccSources\TopErosionGeneric.hxx">
      <Filter>HIPAcc\HIPAccSources</Filter>
    </ClInclude>
    <ClInclude Include="..\..\src\TopologicalErosion\HIPAccSources\TopErosionFloat\TopErosionFloatDefines.h">
      <Filter>HIPAcc\HIPAccSources\TopErosionFloat</Filter>
    </ClInclude>
    <ClInclude Include="..\..\src\TopologicalErosion\TopologicalErosionFloat\TopologicalErosionFloatHandlers.h">
      <Filter>Source Files\TopologicalErosionFloat</Filter>
    </ClInclude>
    <ClInclude Include="..\..\src\TopologicalErosion\TopologicalErosionUInt8\TopologicalErosionUInt8Handlers.h">
      <Filter>Source Files\TopologicalErosionUInt8</Filter>
    </ClInclude>
    <ClInclude Include="..\..\src\TopologicalErosion\HIPAccSources\TopErosionUInt8\TopErosionUInt8Defines.h">
      <Filter>HIPAcc\HIPAccSources\TopErosionUInt8</Filter>
    </ClInclude>
    <ClInclude Include="..\..\src\TopologicalErosion\TopologicalErosionDefines.h">
      <Filter>Header Files</Filter>
    </ClInclude>
    <ClInclude Include="..\..\src\TopologicalErosion\TopologicalErosionHandlerDefines.h">
      <Filter>Header Files</Filter>
    </ClInclude>
  </ItemGroup>
  <ItemGroup>
    <ClCompile Include="..\..\src\TopologicalErosion\stdafx.cpp">
      <Filter>Source Files</Filter>
    </ClCompile>
    <ClCompile Include="..\..\src\TopologicalErosion\TopologicalErosion.cpp">
      <Filter>Source Files</Filter>
    </ClCompile>
    <ClCompile Include="..\..\src\TopologicalErosion\TopologicalErosionFloat\TopologicalErosionFloat.cpp">
      <Filter>Source Files\TopologicalErosionFloat</Filter>
    </ClCompile>
    <ClCompile Include="..\..\src\TopologicalErosion\TopologicalErosionFloat\TopologicalErosionFloatHandlersAVX.cpp">
      <Filter>Source Files\TopologicalErosionFloat</Filter>
    </ClCompile>
    <ClCompile Include="..\..\src\TopologicalErosion\TopologicalErosionFloat\TopologicalErosionFloatHandlersScalar.cpp">
      <Filter>Source Files\TopologicalErosionFloat</Filter>
    </ClCompile>
    <ClCompile Include="..\..\src\TopologicalErosion\TopologicalErosionFloat\TopologicalErosionFloatHandlersSSE.cpp">
      <Filter>Source Files\TopologicalErosionFloat</Filter>
    </ClCompile>
    <ClCompile Include="..\..\src\TopologicalErosion\HIPAccOutputs\TopErosionFloatAVX_out.cpp">
      <Filter>HIPAcc\HIPAccOutputs\TopErosionFloat</Filter>
    </ClCompile>
    <ClCompile Include="..\..\src\TopologicalErosion\HIPAccOutputs\TopErosionFloatScalar_out.cpp">
      <Filter>HIPAcc\HIPAccOutputs\TopErosionFloat</Filter>
    </ClCompile>
    <ClCompile Include="..\..\src\TopologicalErosion\HIPAccOutputs\TopErosionFloatSSE2_out.cpp">
      <Filter>HIPAcc\HIPAccOutputs\TopErosionFloat</Filter>
    </ClCompile>
    <ClCompile Include="..\..\src\TopologicalErosion\HIPAccOutputs\TopErosionFloatSSE3_out.cpp">
      <Filter>HIPAcc\HIPAccOutputs\TopErosionFloat</Filter>
    </ClCompile>
    <ClCompile Include="..\..\src\TopologicalErosion\HIPAccOutputs\TopErosionFloatSSE4_1_out.cpp">
      <Filter>HIPAcc\HIPAccOutputs\TopErosionFloat</Filter>
    </ClCompile>
    <ClCompile Include="..\..\src\TopologicalErosion\HIPAccOutputs\TopErosionFloatSSE4_2_out.cpp">
      <Filter>HIPAcc\HIPAccOutputs\TopErosionFloat</Filter>
    </ClCompile>
    <ClCompile Include="..\..\src\TopologicalErosion\HIPAccOutputs\TopErosionFloatSSSE3_out.cpp">
      <Filter>HIPAcc\HIPAccOutputs\TopErosionFloat</Filter>
    </ClCompile>
    <ClCompile Include="ccTopErosionFloat_AVXfilter.cc">
      <Filter>HIPAcc\Kernels\TopErosionFloat</Filter>
    </ClCompile>
    <ClCompile Include="ccTopErosionFloat_Scalarfilter.cc">
      <Filter>HIPAcc\Kernels\TopErosionFloat</Filter>
    </ClCompile>
    <ClCompile Include="ccTopErosionFloat_SSE2filter.cc">
      <Filter>HIPAcc\Kernels\TopErosionFloat</Filter>
    </ClCompile>
    <ClCompile Include="ccTopErosionFloat_SSE3filter.cc">
      <Filter>HIPAcc\Kernels\TopErosionFloat</Filter>
    </ClCompile>
    <ClCompile Include="ccTopErosionFloat_SSE4_1filter.cc">
      <Filter>HIPAcc\Kernels\TopErosionFloat</Filter>
    </ClCompile>
    <ClCompile Include="ccTopErosionFloat_SSE4_2filter.cc">
      <Filter>HIPAcc\Kernels\TopErosionFloat</Filter>
    </ClCompile>
    <ClCompile Include="ccTopErosionFloat_SSSE3filter.cc">
      <Filter>HIPAcc\Kernels\TopErosionFloat</Filter>
    </ClCompile>
    <ClCompile Include="..\..\src\TopologicalErosion\TopologicalErosionUInt8\TopologicalErosionUInt8.cpp">
      <Filter>Source Files\TopologicalErosionUInt8</Filter>
    </ClCompile>
    <ClCompile Include="..\..\src\TopologicalErosion\TopologicalErosionUInt8\TopologicalErosionUInt8HandlersAVX.cpp">
      <Filter>Source Files\TopologicalErosionUInt8</Filter>
    </ClCompile>
    <ClCompile Include="..\..\src\TopologicalErosion\TopologicalErosionUInt8\TopologicalErosionUInt8HandlersScalar.cpp">
      <Filter>Source Files\TopologicalErosionUInt8</Filter>
    </ClCompile>
    <ClCompile Include="..\..\src\TopologicalErosion\TopologicalErosionUInt8\TopologicalErosionUInt8HandlersSSE.cpp">
      <Filter>Source Files\TopologicalErosionUInt8</Filter>
    </ClCompile>
    <ClCompile Include="..\..\src\TopologicalErosion\HIPAccOutputs\TopErosionUInt8AVX_out.cpp">
      <Filter>HIPAcc\HIPAccOutputs\TopErosionUInt8</Filter>
    </ClCompile>
    <ClCompile Include="..\..\src\TopologicalErosion\HIPAccOutputs\TopErosionUInt8Scalar_out.cpp">
      <Filter>HIPAcc\HIPAccOutputs\TopErosionUInt8</Filter>
    </ClCompile>
    <ClCompile Include="..\..\src\TopologicalErosion\HIPAccOutputs\TopErosionUInt8SSE2_out.cpp">
      <Filter>HIPAcc\HIPAccOutputs\TopErosionUInt8</Filter>
    </ClCompile>
    <ClCompile Include="..\..\src\TopologicalErosion\HIPAccOutputs\TopErosionUInt8SSE3_out.cpp">
      <Filter>HIPAcc\HIPAccOutputs\TopErosionUInt8</Filter>
    </ClCompile>
    <ClCompile Include="..\..\src\TopologicalErosion\HIPAccOutputs\TopErosionUInt8SSE4_1_out.cpp">
      <Filter>HIPAcc\HIPAccOutputs\TopErosionUInt8</Filter>
    </ClCompile>
    <ClCompile Include="..\..\src\TopologicalErosion\HIPAccOutputs\TopErosionUInt8SSE4_2_out.cpp">
      <Filter>HIPAcc\HIPAccOutputs\TopErosionUInt8</Filter>
    </ClCompile>
    <ClCompile Include="..\..\src\TopologicalErosion\HIPAccOutputs\TopErosionUInt8SSSE3_out.cpp">
      <Filter>HIPAcc\HIPAccOutputs\TopErosionUInt8</Filter>
    </ClCompile>
    <ClCompile Include="ccTopErosionUInt8_AVXfilter.cc">
      <Filter>HIPAcc\Kernels\TopErosionUInt8</Filter>
    </ClCompile>
    <ClCompile Include="ccTopErosionUInt8_Scalarfilter.cc">
      <Filter>HIPAcc\Kernels\TopErosionUInt8</Filter>
    </ClCompile>
    <ClCompile Include="ccTopErosionUInt8_SSE2filter.cc">
      <Filter>HIPAcc\Kernels\TopErosionUInt8</Filter>
    </ClCompile>
    <ClCompile Include="ccTopErosionUInt8_SSE3filter.cc">
      <Filter>HIPAcc\Kernels\TopErosionUInt8</Filter>
    </ClCompile>
    <ClCompile Include="ccTopErosionUInt8_SSE4_1filter.cc">
      <Filter>HIPAcc\Kernels\TopErosionUInt8</Filter>
    </ClCompile>
    <ClCompile Include="ccTopErosionUInt8_SSE4_2filter.cc">
      <Filter>HIPAcc\Kernels\TopErosionUInt8</Filter>
    </ClCompile>
    <ClCompile Include="ccTopErosionUInt8_SSSE3filter.cc">
      <Filter>HIPAcc\Kernels\TopErosionUInt8</Filter>
    </ClCompile>
  </ItemGroup>
  <ItemGroup>
    <HIPAccCompiler Include="..\..\src\TopologicalErosion\HIPAccSources\TopErosionFloat\TopErosionFloatAVX.cpp">
      <Filter>HIPAcc\HIPAccSources\TopErosionFloat</Filter>
    </HIPAccCompiler>
    <HIPAccCompiler Include="..\..\src\TopologicalErosion\HIPAccSources\TopErosionFloat\TopErosionFloatScalar.cpp">
      <Filter>HIPAcc\HIPAccSources\TopErosionFloat</Filter>
    </HIPAccCompiler>
    <HIPAccCompiler Include="..\..\src\TopologicalErosion\HIPAccSources\TopErosionFloat\TopErosionFloatSSE2.cpp">
      <Filter>HIPAcc\HIPAccSources\TopErosionFloat</Filter>
    </HIPAccCompiler>
    <HIPAccCompiler Include="..\..\src\TopologicalErosion\HIPAccSources\TopErosionFloat\TopErosionFloatSSE3.cpp">
      <Filter>HIPAcc\HIPAccSources\TopErosionFloat</Filter>
    </HIPAccCompiler>
    <HIPAccCompiler Include="..\..\src\TopologicalErosion\HIPAccSources\TopErosionFloat\TopErosionFloatSSE4_1.cpp">
      <Filter>HIPAcc\HIPAccSources\TopErosionFloat</Filter>
    </HIPAccCompiler>
    <HIPAccCompiler Include="..\..\src\TopologicalErosion\HIPAccSources\TopErosionFloat\TopErosionFloatSSE4_2.cpp">
      <Filter>HIPAcc\HIPAccSources\TopErosionFloat</Filter>
    </HIPAccCompiler>
    <HIPAccCompiler Include="..\..\src\TopologicalErosion\HIPAccSources\TopErosionFloat\TopErosionFloatSSSE3.cpp">
      <Filter>HIPAcc\HIPAccSources\TopErosionFloat</Filter>
    </HIPAccCompiler>
    <HIPAccCompiler Include="..\..\src\TopologicalErosion\HIPAccSources\TopErosionUInt8\TopErosionUInt8AVX.cpp">
      <Filter>HIPAcc\HIPAccSources\TopErosionUInt8</Filter>
    </HIPAccCompiler>
    <HIPAccCompiler Include="..\..\src\TopologicalErosion\HIPAccSources\TopErosionUInt8\TopErosionUInt8Scalar.cpp">
      <Filter>HIPAcc\HIPAccSources\TopErosionUInt8</Filter>
    </HIPAccCompiler>
    <HIPAccCompiler Include="..\..\src\TopologicalErosion\HIPAccSources\TopErosionUInt8\TopErosionUInt8SSE2.cpp">
      <Filter>HIPAcc\HIPAccSources\TopErosionUInt8</Filter>
    </HIPAccCompiler>
    <HIPAccCompiler Include="..\..\src\TopologicalErosion\HIPAccSources\TopErosionUInt8\TopErosionUInt8SSE3.cpp">
      <Filter>HIPAcc\HIPAccSources\TopErosionUInt8</Filter>
    </HIPAccCompiler>
    <HIPAccCompiler Include="..\..\src\TopologicalErosion\HIPAccSources\TopErosionUInt8\TopErosionUInt8SSE4_1.cpp">
      <Filter>HIPAcc\HIPAccSources\TopErosionUInt8</Filter>
    </HIPAccCompiler>
    <HIPAccCompiler Include="..\..\src\TopologicalErosion\HIPAccSources\TopErosionUInt8\TopErosionUInt8SSE4_2.cpp">
      <Filter>HIPAcc\HIPAccSources\TopErosionUInt8</Filter>
    </HIPAccCompiler>
    <HIPAccCompiler Include="..\..\src\TopologicalErosion\HIPAccSources\TopErosionUInt8\TopErosionUInt8SSSE3.cpp">
      <Filter>HIPAcc\HIPAccSources\TopErosionUInt8</Filter>
    </HIPAccCompiler>
  </ItemGroup>
</Project>