<?xml version="1.0" encoding="utf-8"?>
<Project ToolsVersion="4.0" xmlns="http://schemas.microsoft.com/developer/msbuild/2003">
  <ItemGroup>
    <Filter Include="Source Files">
      <UniqueIdentifier>{4FC737F1-C7A5-4376-A066-2A32D752A2FF}</UniqueIdentifier>
      <Extensions>cpp;c;cc;cxx;def;odl;idl;hpj;bat;asm;asmx</Extensions>
    </Filter>
    <Filter Include="Header Files">
      <UniqueIdentifier>{93995380-89BD-4b04-88EB-625FBE52EBFB}</UniqueIdentifier>
      <Extensions>h;hh;hpp;hxx;hm;inl;inc;xsd</Extensions>
    </Filter>
    <Filter Include="Public Header Files">
      <UniqueIdentifier>{23726966-4eb6-47b1-abbc-960cc4f362b6}</UniqueIdentifier>
    </Filter>
    <Filter Include="HIPAcc">
      <UniqueIdentifier>{5ba638d9-07ba-4f62-a557-c6cf7d0f37a1}</UniqueIdentifier>
    </Filter>
    <Filter Include="HIPAcc\HIPAccOutputs">
      <UniqueIdentifier>{68e3a651-409b-4697-b198-79f8efbaef9f}</UniqueIdentifier>
    </Filter>
    <Filter Include="HIPAcc\HIPAccSources">
      <UniqueIdentifier>{e8351d20-bd85-4e15-b752-5a287ff31624}</UniqueIdentifier>
    </Filter>
    <Filter Include="HIPAcc\Kernels">
      <UniqueIdentifier>{d9c17afe-db3f-4ff8-a7d6-0760d57d09d4}</UniqueIdentifier>
    </Filter>
    <Filter Include="HIPAcc\Kernels\MinMaxFloat">
      <UniqueIdentifier>{d6c18a78-a131-45a7-af58-e88fcf5e5223}</UniqueIdentifier>
    </Filter>
    <Filter Include="HIPAcc\HIPAccSources\MinMaxFloat">
      <UniqueIdentifier>{90f5309a-d067-4619-bc03-8d9ac4232094}</UniqueIdentifier>
    </Filter>
    <Filter Include="HIPAcc\HIPAccOutputs\MinMaxFloat">
      <UniqueIdentifier>{4b360642-c8c0-4738-875b-bbaa59ded039}</UniqueIdentifier>
    </Filter>
    <Filter Include="Source Files\MinMaxDetectorFloat">
      <UniqueIdentifier>{b39b8ee2-3384-45db-b18b-9e88f0919642}</UniqueIdentifier>
    </Filter>
    <Filter Include="HIPAcc\Kernels\MinMaxUInt8">
      <UniqueIdentifier>{6ee1bab7-f452-4295-b31a-9ec7691ca101}</UniqueIdentifier>
    </Filter>
    <Filter Include="HIPAcc\HIPAccSources\MinMaxUInt8">
      <UniqueIdentifier>{5bac18e7-caeb-4d9e-8f84-d24d6dbb39f4}</UniqueIdentifier>
    </Filter>
    <Filter Include="HIPAcc\HIPAccOutputs\MinMaxUInt8">
      <UniqueIdentifier>{16562948-de31-405f-863e-2a8589ae7b20}</UniqueIdentifier>
    </Filter>
    <Filter Include="Source Files\MinMaxDetectorUInt8">
      <UniqueIdentifier>{4a103e08-99a6-451b-a358-bbb94f41a0e4}</UniqueIdentifier>
    </Filter>
  </ItemGroup>
  <ItemGroup>
    <ClInclude Include="..\..\include\MinMaxDetector\MinMaxDetector.h">
      <Filter>Public Header Files</Filter>
    </ClInclude>
    <ClInclude Include="..\..\src\MinMaxDetector\MinMaxDetectorFloat\MinMaxDetectorFloatHandlers.h">
      <Filter>Source Files\MinMaxDetectorFloat</Filter>
    </ClInclude>
    <ClInclude Include="..\..\src\MinMaxDetector\HIPAccSources\MinMaxGeneric.hxx">
      <Filter>HIPAcc\HIPAccSources</Filter>
    </ClInclude>
    <ClInclude Include="..\..\src\MinMaxDetector\HIPAccSources\MinMaxFloat\MinMaxFloatDefines.h">
      <Filter>HIPAcc\HIPAccSources\MinMaxFloat</Filter>
    </ClInclude>
    <ClInclude Include="..\..\src\MinMaxDetector\MinMaxDetectorUInt8\MinMaxDetectorUInt8Handlers.h">
      <Filter>Source Files\MinMaxDetectorUInt8</Filter>
    </ClInclude>
    <ClInclude Include="..\..\src\MinMaxDetector\HIPAccSources\MinMaxUInt8\MinMaxUInt8Defines.h">
      <Filter>HIPAcc\HIPAccSources\MinMaxUInt8</Filter>
    </ClInclude>
    <ClInclude Include="..\..\src\MinMaxDetector\MinMaxDetectorDefines.h">
      <Filter>Header Files</Filter>
    </ClInclude>
    <ClInclude Include="..\..\src\MinMaxDetector\MinMaxDetectorHandlerDefines.h">
      <Filter>Header Files</Filter>
    </ClInclude>
  </ItemGroup>
  <ItemGroup>
    <ClCompile Include="..\..\src\MinMaxDetector\MinMaxDetector.cpp">
      <Filter>Source Files</Filter>
    </ClCompile>
    <ClCompile Include="..\..\src\MinMaxDetector\MinMaxDetectorFloat\MinMaxDetectorFloat.cpp">
      <Filter>Source Files\MinMaxDetectorFloat</Filter>
    </ClCompile>
    <ClCompile Include="..\..\src\MinMaxDetector\MinMaxDetectorFloat\MinMaxDetectorFloatHandlersAVX.cpp">
      <Filter>Source Files\MinMaxDetectorFloat</Filter>
    </ClCompile>
    <ClCompile Include="..\..\src\MinMaxDetector\MinMaxDetectorFloat\MinMaxDetectorFloatHandlersScalar.cpp">
      <Filter>Source Files\MinMaxDetectorFloat</Filter>
    </ClCompile>
    <ClCompile Include="..\..\src\MinMaxDetector\MinMaxDetectorFloat\MinMaxDetectorFloatHandlersSSE.cpp">
      <Filter>Source Files\MinMaxDetectorFloat</Filter>
    </ClCompile>
    <ClCompile Include="ccMinMaxFloat_AVXfilter.cc">
      <Filter>HIPAcc\Kernels\MinMaxFloat</Filter>
    </ClCompile>
    <ClCompile Include="ccMinMaxFloat_Scalarfilter.cc">
      <Filter>HIPAcc\Kernels\MinMaxFloat</Filter>
    </ClCompile>
    <ClCompile Include="ccMinMaxFloat_SSE2filter.cc">
      <Filter>HIPAcc\Kernels\MinMaxFloat</Filter>
    </ClCompile>
    <ClCompile Include="ccMinMaxFloat_SSE3filter.cc">
      <Filter>HIPAcc\Kernels\MinMaxFloat</Filter>
    </ClCompile>
    <ClCompile Include="ccMinMaxFloat_SSE4_1filter.cc">
      <Filter>HIPAcc\Kernels\MinMaxFloat</Filter>
    </ClCompile>
    <ClCompile Include="ccMinMaxFloat_SSE4_2filter.cc">
      <Filter>HIPAcc\Kernels\MinMaxFloat</Filter>
    </ClCompile>
    <ClCompile Include="ccMinMaxFloat_SSSE3filter.cc">
      <Filter>HIPAcc\Kernels\MinMaxFloat</Filter>
    </ClCompile>
    <ClCompile Include="..\..\src\MinMaxDetector\HIPAccOutputs\MinMaxFloatAVX_out.cpp">
      <Filter>HIPAcc\HIPAccOutputs\MinMaxFloat</Filter>
    </ClCompile>
    <ClCompile Include="..\..\src\MinMaxDetector\HIPAccOutputs\MinMaxFloatScalar_out.cpp">
      <Filter>HIPAcc\HIPAccOutputs\MinMaxFloat</Filter>
    </ClCompile>
    <ClCompile Include="..\..\src\MinMaxDetector\HIPAccOutputs\MinMaxFloatSSE2_out.cpp">
      <Filter>HIPAcc\HIPAccOutputs\MinMaxFloat</Filter>
    </ClCompile>
    <ClCompile Include="..\..\src\MinMaxDetector\HIPAccOutputs\MinMaxFloatSSE3_out.cpp">
      <Filter>HIPAcc\HIPAccOutputs\MinMaxFloat</Filter>
    </ClCompile>
    <ClCompile Include="..\..\src\MinMaxDetector\HIPAccOutputs\MinMaxFloatSSE4_1_out.cpp">
      <Filter>HIPAcc\HIPAccOutputs\MinMaxFloat</Filter>
    </ClCompile>
    <ClCompile Include="..\..\src\MinMaxDetector\HIPAccOutputs\MinMaxFloatSSE4_2_out.cpp">
      <Filter>HIPAcc\HIPAccOutputs\MinMaxFloat</Filter>
    </ClCompile>
    <ClCompile Include="..\..\src\MinMaxDetector\HIPAccOutputs\MinMaxFloatSSSE3_out.cpp">
      <Filter>HIPAcc\HIPAccOutputs\MinMaxFloat</Filter>
    </ClCompile>
    <ClCompile Include="..\..\src\MinMaxDetector\MinMaxDetectorUInt8\MinMaxDetectorUInt8.cpp">
      <Filter>Source Files\MinMaxDetectorUInt8</Filter>
    </ClCompile>
    <ClCompile Include="..\..\src\MinMaxDetector\MinMaxDetectorUInt8\MinMaxDetectorUInt8HandlersAVX.cpp">
      <Filter>Source Files\MinMaxDetectorUInt8</Filter>
    </ClCompile>
    <ClCompile Include="..\..\src\MinMaxDetector\MinMaxDetectorUInt8\MinMaxDetectorUInt8HandlersScalar.cpp">
      <Filter>Source Files\MinMaxDetectorUInt8</Filter>
    </ClCompile>
    <ClCompile Include="..\..\src\MinMaxDetector\MinMaxDetectorUInt8\MinMaxDetectorUInt8HandlersSSE.cpp">
      <Filter>Source Files\MinMaxDetectorUInt8</Filter>
    </ClCompile>
    <ClCompile Include="..\..\src\MinMaxDetector\HIPAccOutputs\MinMaxUInt8AVX_out.cpp">
      <Filter>HIPAcc\HIPAccOutputs\MinMaxUInt8</Filter>
    </ClCompile>
    <ClCompile Include="..\..\src\MinMaxDetector\HIPAccOutputs\MinMaxUInt8Scalar_out.cpp">
      <Filter>HIPAcc\HIPAccOutputs\MinMaxUInt8</Filter>
    </ClCompile>
    <ClCompile Include="..\..\src\MinMaxDetector\HIPAccOutputs\MinMaxUInt8SSE2_out.cpp">
      <Filter>HIPAcc\HIPAccOutputs\MinMaxUInt8</Filter>
    </ClCompile>
    <ClCompile Include="..\..\src\MinMaxDetector\HIPAccOutputs\MinMaxUInt8SSE3_out.cpp">
      <Filter>HIPAcc\HIPAccOutputs\MinMaxUInt8</Filter>
    </ClCompile>
    <ClCompile Include="..\..\src\MinMaxDetector\HIPAccOutputs\MinMaxUInt8SSE4_1_out.cpp">
      <Filter>HIPAcc\HIPAccOutputs\MinMaxUInt8</Filter>
    </ClCompile>
    <ClCompile Include="..\..\src\MinMaxDetector\HIPAccOutputs\MinMaxUInt8SSE4_2_out.cpp">
      <Filter>HIPAcc\HIPAccOutputs\MinMaxUInt8</Filter>
    </ClCompile>
    <ClCompile Include="..\..\src\MinMaxDetector\HIPAccOutputs\MinMaxUInt8SSSE3_out.cpp">
      <Filter>HIPAcc\HIPAccOutputs\MinMaxUInt8</Filter>
    </ClCompile>
    <ClCompile Include="ccMinMaxUInt8_AVXfilter.cc">
      <Filter>HIPAcc\Kernels\MinMaxUInt8</Filter>
    </ClCompile>
    <ClCompile Include="ccMinMaxUInt8_Scalarfilter.cc">
      <Filter>HIPAcc\Kernels\MinMaxUInt8</Filter>
    </ClCompile>
    <ClCompile Include="ccMinMaxUInt8_SSE2filter.cc">
      <Filter>HIPAcc\Kernels\MinMaxUInt8</Filter>
    </ClCompile>
    <ClCompile Include="ccMinMaxUInt8_SSE3filter.cc">
      <Filter>HIPAcc\Kernels\MinMaxUInt8</Filter>
    </ClCompile>
    <ClCompile Include="ccMinMaxUInt8_SSE4_1filter.cc">
      <Filter>HIPAcc\Kernels\MinMaxUInt8</Filter>
    </ClCompile>
    <ClCompile Include="ccMinMaxUInt8_SSE4_2filter.cc">
      <Filter>HIPAcc\Kernels\MinMaxUInt8</Filter>
    </ClCompile>
    <ClCompile Include="ccMinMaxUInt8_SSSE3filter.cc">
      <Filter>HIPAcc\Kernels\MinMaxUInt8</Filter>
    </ClCompile>
  </ItemGroup>
  <ItemGroup>
    <HIPAccCompiler Include="..\..\src\MinMaxDetector\HIPAccSources\MinMaxFloat\MinMaxFloatAVX.cpp">
      <Filter>HIPAcc\HIPAccSources\MinMaxFloat</Filter>
    </HIPAccCompiler>
    <HIPAccCompiler Include="..\..\src\MinMaxDetector\HIPAccSources\MinMaxFloat\MinMaxFloatScalar.cpp">
      <Filter>HIPAcc\HIPAccSources\MinMaxFloat</Filter>
    </HIPAccCompiler>
    <HIPAccCompiler Include="..\..\src\MinMaxDetector\HIPAccSources\MinMaxFloat\MinMaxFloatSSE2.cpp">
      <Filter>HIPAcc\HIPAccSources\MinMaxFloat</Filter>
    </HIPAccCompiler>
    <HIPAccCompiler Include="..\..\src\MinMaxDetector\HIPAccSources\MinMaxFloat\MinMaxFloatSSE3.cpp">
      <Filter>HIPAcc\HIPAccSources\MinMaxFloat</Filter>
    </HIPAccCompiler>
    <HIPAccCompiler Include="..\..\src\MinMaxDetector\HIPAccSources\MinMaxFloat\MinMaxFloatSSE4_1.cpp">
      <Filter>HIPAcc\HIPAccSources\MinMaxFloat</Filter>
    </HIPAccCompiler>
    <HIPAccCompiler Include="..\..\src\MinMaxDetector\HIPAccSources\MinMaxFloat\MinMaxFloatSSE4_2.cpp">
      <Filter>HIPAcc\HIPAccSources\MinMaxFloat</Filter>
    </HIPAccCompiler>
    <HIPAccCompiler Include="..\..\src\MinMaxDetector\HIPAccSources\MinMaxFloat\MinMaxFloatSSSE3.cpp">
      <Filter>HIPAcc\HIPAccSources\MinMaxFloat</Filter>
    </HIPAccCompiler>
    <HIPAccCompiler Include="..\..\src\MinMaxDetector\HIPAccSources\MinMaxUInt8\MinMaxUInt8SSE4_2.cpp">
      <Filter>HIPAcc\HIPAccSources\MinMaxUInt8</Filter>
    </HIPAccCompiler>
    <HIPAccCompiler Include="..\..\src\MinMaxDetector\HIPAccSources\MinMaxUInt8\MinMaxUInt8SSSE3.cpp">
      <Filter>HIPAcc\HIPAccSources\MinMaxUInt8</Filter>
    </HIPAccCompiler>
    <HIPAccCompiler Include="..\..\src\MinMaxDetector\HIPAccSources\MinMaxUInt8\MinMaxUInt8AVX.cpp">
      <Filter>HIPAcc\HIPAccSources\MinMaxUInt8</Filter>
    </HIPAccCompiler>
    <HIPAccCompiler Include="..\..\src\MinMaxDetector\HIPAccSources\MinMaxUInt8\MinMaxUInt8Scalar.cpp">
      <Filter>HIPAcc\HIPAccSources\MinMaxUInt8</Filter>
    </HIPAccCompiler>
    <HIPAccCompiler Include="..\..\src\MinMaxDetector\HIPAccSources\MinMaxUInt8\MinMaxUInt8SSE2.cpp">
      <Filter>HIPAcc\HIPAccSources\MinMaxUInt8</Filter>
    </HIPAccCompiler>
    <HIPAccCompiler Include="..\..\src\MinMaxDetector\HIPAccSources\MinMaxUInt8\MinMaxUInt8SSE3.cpp">
      <Filter>HIPAcc\HIPAccSources\MinMaxUInt8</Filter>
    </HIPAccCompiler>
    <HIPAccCompiler Include="..\..\src\MinMaxDetector\HIPAccSources\MinMaxUInt8\MinMaxUInt8SSE4_1.cpp">
      <Filter>HIPAcc\HIPAccSources\MinMaxUInt8</Filter>
    </HIPAccCompiler>
  </ItemGroup>
</Project>