<?xml version="1.0" encoding="utf-8"?>
<Project ToolsVersion="4.0" xmlns="http://schemas.microsoft.com/developer/msbuild/2003">
  <ItemGroup>
    <Filter Include="Source Files">
      <UniqueIdentifier>{4FC737F1-C7A5-4376-A066-2A32D752A2FF}</UniqueIdentifier>
      <Extensions>cpp;c;cc;cxx;def;odl;idl;hpj;bat;asm;asmx</Extensions>
    </Filter>
    <Filter Include="Header Files">
      <UniqueIdentifier>{93995380-89BD-4b04-88EB-625FBE52EBFB}</UniqueIdentifier>
      <Extensions>h;hh;hpp;hxx;hm;inl;inc;xsd</Extensions>
    </Filter>
    <Filter Include="Public Header Files">
      <UniqueIdentifier>{461e6543-ee12-4d51-a3cc-6474cae6d7f3}</UniqueIdentifier>
    </Filter>
    <Filter Include="Source Files\ConvolutionFloat">
      <UniqueIdentifier>{cd9feb35-a8c5-4f49-a584-a158ad085f94}</UniqueIdentifier>
    </Filter>
    <Filter Include="HIPAcc">
      <UniqueIdentifier>{7d6221ef-d90b-430a-8dd1-74e255bdd1e8}</UniqueIdentifier>
    </Filter>
    <Filter Include="HIPAcc\HIPAccOutputs">
      <UniqueIdentifier>{36efbc5b-cb50-4c6f-a8a3-3dcff3079f71}</UniqueIdentifier>
    </Filter>
    <Filter Include="HIPAcc\HIPAccSources">
      <UniqueIdentifier>{b2b67779-deaa-42ac-866e-f182932245ea}</UniqueIdentifier>
    </Filter>
    <Filter Include="HIPAcc\Kernels">
      <UniqueIdentifier>{aef5603b-43b3-4ba9-9985-ffd489647186}</UniqueIdentifier>
    </Filter>
    <Filter Include="HIPAcc\Kernels\ConvFloat">
      <UniqueIdentifier>{a7701b15-8c92-4bd0-8cf9-2c7733be5459}</UniqueIdentifier>
    </Filter>
    <Filter Include="HIPAcc\HIPAccSources\ConvFloat">
      <UniqueIdentifier>{bda8d18c-9f2d-4fd1-ae0b-48fe5cdd9e4f}</UniqueIdentifier>
    </Filter>
    <Filter Include="HIPAcc\HIPAccOutputs\ConvFloat">
      <UniqueIdentifier>{2c9bc30e-6d95-4a0c-8f15-8bce115d62c8}</UniqueIdentifier>
    </Filter>
    <Filter Include="Source Files\ConvolutionUInt8">
      <UniqueIdentifier>{e3adac09-ea56-420a-9bb4-dbdff78ca9f3}</UniqueIdentifier>
    </Filter>
    <Filter Include="HIPAcc\Kernels\ConvUInt8">
      <UniqueIdentifier>{de92dfcf-af21-4053-9239-9e1600e0cb92}</UniqueIdentifier>
    </Filter>
    <Filter Include="HIPAcc\HIPAccSources\ConvUInt8">
      <UniqueIdentifier>{fe10ed12-c712-4dfc-8f55-0046eb627264}</UniqueIdentifier>
    </Filter>
    <Filter Include="HIPAcc\HIPAccOutputs\ConvUInt8">
      <UniqueIdentifier>{4f2f1bb3-64ac-4478-aba8-95bb5f471e87}</UniqueIdentifier>
    </Filter>
  </ItemGroup>
  <ItemGroup>
    <Text Include="ReadMe.txt" />
  </ItemGroup>
  <ItemGroup>
    <ClInclude Include="..\..\include\Convolution\Convolution.h">
      <Filter>Public Header Files</Filter>
    </ClInclude>
    <ClInclude Include="..\..\src\Convolution\stdafx.h">
      <Filter>Header Files</Filter>
    </ClInclude>
    <ClInclude Include="..\..\src\Convolution\targetver.h">
      <Filter>Header Files</Filter>
    </ClInclude>
    <ClInclude Include="..\..\src\Convolution\ConvolutionFloat\ConvolutionFloatHandlers.h">
      <Filter>Source Files\ConvolutionFloat</Filter>
    </ClInclude>
    <ClInclude Include="..\..\src\Convolution\HIPAccSources\ConvGeneric.hxx">
      <Filter>HIPAcc\HIPAccSources</Filter>
    </ClInclude>
    <ClInclude Include="..\..\src\Convolution\HIPAccSources\ConvFloat\ConvFloatDefines.h">
      <Filter>HIPAcc\HIPAccSources\ConvFloat</Filter>
    </ClInclude>
    <ClInclude Include="..\..\src\Convolution\ConvolutionUInt8\ConvolutionUInt8Handlers.h">
      <Filter>Source Files\ConvolutionUInt8</Filter>
    </ClInclude>
    <ClInclude Include="..\..\src\Convolution\HIPAccSources\ConvUInt8\ConvUInt8Defines.h">
      <Filter>HIPAcc\HIPAccSources\ConvUInt8</Filter>
    </ClInclude>
  </ItemGroup>
  <ItemGroup>
    <ClCompile Include="..\..\src\Convolution\Convolution.cpp">
      <Filter>Source Files</Filter>
    </ClCompile>
    <ClCompile Include="..\..\src\Convolution\stdafx.cpp">
      <Filter>Source Files</Filter>
    </ClCompile>
    <ClCompile Include="..\..\src\Convolution\ConvolutionFloat\ConvolutionFloat.cpp">
      <Filter>Source Files\ConvolutionFloat</Filter>
    </ClCompile>
    <ClCompile Include="..\..\src\Convolution\ConvolutionFloat\ConvolutionFloatHandlersAVX.cpp">
      <Filter>Source Files\ConvolutionFloat</Filter>
    </ClCompile>
    <ClCompile Include="..\..\src\Convolution\ConvolutionFloat\ConvolutionFloatHandlersScalar.cpp">
      <Filter>Source Files\ConvolutionFloat</Filter>
    </ClCompile>
    <ClCompile Include="..\..\src\Convolution\ConvolutionFloat\ConvolutionFloatHandlersSSE.cpp">
      <Filter>Source Files\ConvolutionFloat</Filter>
    </ClCompile>
    <ClCompile Include="..\..\src\Convolution\HIPAccOutputs\ConvFloatArray_out.cpp">
      <Filter>HIPAcc\HIPAccOutputs\ConvFloat</Filter>
    </ClCompile>
    <ClCompile Include="..\..\src\Convolution\HIPAccOutputs\ConvFloatAVX_out.cpp">
      <Filter>HIPAcc\HIPAccOutputs\ConvFloat</Filter>
    </ClCompile>
    <ClCompile Include="..\..\src\Convolution\HIPAccOutputs\ConvFloatScalar_out.cpp">
      <Filter>HIPAcc\HIPAccOutputs\ConvFloat</Filter>
    </ClCompile>
    <ClCompile Include="..\..\src\Convolution\HIPAccOutputs\ConvFloatSSE2_out.cpp">
      <Filter>HIPAcc\HIPAccOutputs\ConvFloat</Filter>
    </ClCompile>
    <ClCompile Include="..\..\src\Convolution\HIPAccOutputs\ConvFloatSSE3_out.cpp">
      <Filter>HIPAcc\HIPAccOutputs\ConvFloat</Filter>
    </ClCompile>
    <ClCompile Include="..\..\src\Convolution\HIPAccOutputs\ConvFloatSSE4_1_out.cpp">
      <Filter>HIPAcc\HIPAccOutputs\ConvFloat</Filter>
    </ClCompile>
    <ClCompile Include="..\..\src\Convolution\HIPAccOutputs\ConvFloatSSE4_2_out.cpp">
      <Filter>HIPAcc\HIPAccOutputs\ConvFloat</Filter>
    </ClCompile>
    <ClCompile Include="..\..\src\Convolution\HIPAccOutputs\ConvFloatSSSE3_out.cpp">
      <Filter>HIPAcc\HIPAccOutputs\ConvFloat</Filter>
    </ClCompile>
    <ClCompile Include="ccConvFloat_Arrayfilter.cc">
      <Filter>HIPAcc\Kernels\ConvFloat</Filter>
    </ClCompile>
    <ClCompile Include="ccConvFloat_AVXfilter.cc">
      <Filter>HIPAcc\Kernels\ConvFloat</Filter>
    </ClCompile>
    <ClCompile Include="ccConvFloat_Scalarfilter.cc">
      <Filter>HIPAcc\Kernels\ConvFloat</Filter>
    </ClCompile>
    <ClCompile Include="ccConvFloat_SSE2filter.cc">
      <Filter>HIPAcc\Kernels\ConvFloat</Filter>
    </ClCompile>
    <ClCompile Include="ccConvFloat_SSE3filter.cc">
      <Filter>HIPAcc\Kernels\ConvFloat</Filter>
    </ClCompile>
    <ClCompile Include="ccConvFloat_SSE4_1filter.cc">
      <Filter>HIPAcc\Kernels\ConvFloat</Filter>
    </ClCompile>
    <ClCompile Include="ccConvFloat_SSE4_2filter.cc">
      <Filter>HIPAcc\Kernels\ConvFloat</Filter>
    </ClCompile>
    <ClCompile Include="ccConvFloat_SSSE3filter.cc">
      <Filter>HIPAcc\Kernels\ConvFloat</Filter>
    </ClCompile>
    <ClCompile Include="..\..\src\Convolution\ConvolutionUInt8\ConvolutionUInt8.cpp">
      <Filter>Source Files\ConvolutionUInt8</Filter>
    </ClCompile>
    <ClCompile Include="..\..\src\Convolution\ConvolutionUInt8\ConvolutionUInt8HandlersAVX.cpp">
      <Filter>Source Files\ConvolutionUInt8</Filter>
    </ClCompile>
    <ClCompile Include="..\..\src\Convolution\ConvolutionUInt8\ConvolutionUInt8HandlersScalar.cpp">
      <Filter>Source Files\ConvolutionUInt8</Filter>
    </ClCompile>
    <ClCompile Include="..\..\src\Convolution\ConvolutionUInt8\ConvolutionUInt8HandlersSSE.cpp">
      <Filter>Source Files\ConvolutionUInt8</Filter>
    </ClCompile>
    <ClCompile Include="..\..\src\Convolution\HIPAccSources\ConvUInt8\ConvUInt8Array.cpp">
      <Filter>HIPAcc\HIPAccSources\ConvUInt8</Filter>
    </ClCompile>
    <ClCompile Include="..\..\src\Convolution\HIPAccSources\ConvUInt8\ConvUInt8AVX.cpp">
      <Filter>HIPAcc\HIPAccSources\ConvUInt8</Filter>
    </ClCompile>
    <ClCompile Include="..\..\src\Convolution\HIPAccSources\ConvUInt8\ConvUInt8Scalar.cpp">
      <Filter>HIPAcc\HIPAccSources\ConvUInt8</Filter>
    </ClCompile>
    <ClCompile Include="..\..\src\Convolution\HIPAccSources\ConvUInt8\ConvUInt8SSE2.cpp">
      <Filter>HIPAcc\HIPAccSources\ConvUInt8</Filter>
    </ClCompile>
    <ClCompile Include="..\..\src\Convolution\HIPAccSources\ConvUInt8\ConvUInt8SSE3.cpp">
      <Filter>HIPAcc\HIPAccSources\ConvUInt8</Filter>
    </ClCompile>
    <ClCompile Include="..\..\src\Convolution\HIPAccSources\ConvUInt8\ConvUInt8SSE4_1.cpp">
      <Filter>HIPAcc\HIPAccSources\ConvUInt8</Filter>
    </ClCompile>
    <ClCompile Include="..\..\src\Convolution\HIPAccSources\ConvUInt8\ConvUInt8SSE4_2.cpp">
      <Filter>HIPAcc\HIPAccSources\ConvUInt8</Filter>
    </ClCompile>
    <ClCompile Include="..\..\src\Convolution\HIPAccSources\ConvUInt8\ConvUInt8SSSE3.cpp">
      <Filter>HIPAcc\HIPAccSources\ConvUInt8</Filter>
    </ClCompile>
    <ClCompile Include="..\..\src\Convolution\HIPAccOutputs\ConvUInt8Array_out.cpp">
      <Filter>HIPAcc\HIPAccOutputs\ConvUInt8</Filter>
    </ClCompile>
    <ClCompile Include="..\..\src\Convolution\HIPAccOutputs\ConvUInt8AVX_out.cpp">
      <Filter>HIPAcc\HIPAccOutputs\ConvUInt8</Filter>
    </ClCompile>
    <ClCompile Include="..\..\src\Convolution\HIPAccOutputs\ConvUInt8Scalar_out.cpp">
      <Filter>HIPAcc\HIPAccOutputs\ConvUInt8</Filter>
    </ClCompile>
    <ClCompile Include="..\..\src\Convolution\HIPAccOutputs\ConvUInt8SSE2_out.cpp">
      <Filter>HIPAcc\HIPAccOutputs\ConvUInt8</Filter>
    </ClCompile>
    <ClCompile Include="..\..\src\Convolution\HIPAccOutputs\ConvUInt8SSE3_out.cpp">
      <Filter>HIPAcc\HIPAccOutputs\ConvUInt8</Filter>
    </ClCompile>
    <ClCompile Include="..\..\src\Convolution\HIPAccOutputs\ConvUInt8SSE4_1_out.cpp">
      <Filter>HIPAcc\HIPAccOutputs\ConvUInt8</Filter>
    </ClCompile>
    <ClCompile Include="..\..\src\Convolution\HIPAccOutputs\ConvUInt8SSE4_2_out.cpp">
      <Filter>HIPAcc\HIPAccOutputs\ConvUInt8</Filter>
    </ClCompile>
    <ClCompile Include="..\..\src\Convolution\HIPAccOutputs\ConvUInt8SSSE3_out.cpp">
      <Filter>HIPAcc\HIPAccOutputs\ConvUInt8</Filter>
    </ClCompile>
    <ClCompile Include="ccConvUInt8_Arrayfilter.cc">
      <Filter>HIPAcc\Kernels\ConvUInt8</Filter>
    </ClCompile>
    <ClCompile Include="ccConvUInt8_AVXfilter.cc">
      <Filter>HIPAcc\Kernels\ConvUInt8</Filter>
    </ClCompile>
    <ClCompile Include="ccConvUInt8_Scalarfilter.cc">
      <Filter>HIPAcc\Kernels\ConvUInt8</Filter>
    </ClCompile>
    <ClCompile Include="ccConvUInt8_SSE2filter.cc">
      <Filter>HIPAcc\Kernels\ConvUInt8</Filter>
    </ClCompile>
    <ClCompile Include="ccConvUInt8_SSE3filter.cc">
      <Filter>HIPAcc\Kernels\ConvUInt8</Filter>
    </ClCompile>
    <ClCompile Include="ccConvUInt8_SSE4_1filter.cc">
      <Filter>HIPAcc\Kernels\ConvUInt8</Filter>
    </ClCompile>
    <ClCompile Include="ccConvUInt8_SSE4_2filter.cc">
      <Filter>HIPAcc\Kernels\ConvUInt8</Filter>
    </ClCompile>
    <ClCompile Include="ccConvUInt8_SSSE3filter.cc">
      <Filter>HIPAcc\Kernels\ConvUInt8</Filter>
    </ClCompile>
  </ItemGroup>
  <ItemGroup>
    <HIPAccCompiler Include="..\..\src\Convolution\HIPAccSources\ConvFloat\ConvFloatArray.cpp">
      <Filter>HIPAcc\HIPAccSources\ConvFloat</Filter>
    </HIPAccCompiler>
    <HIPAccCompiler Include="..\..\src\Convolution\HIPAccSources\ConvFloat\ConvFloatAVX.cpp">
      <Filter>HIPAcc\HIPAccSources\ConvFloat</Filter>
    </HIPAccCompiler>
    <HIPAccCompiler Include="..\..\src\Convolution\HIPAccSources\ConvFloat\ConvFloatScalar.cpp">
      <Filter>HIPAcc\HIPAccSources\ConvFloat</Filter>
    </HIPAccCompiler>
    <HIPAccCompiler Include="..\..\src\Convolution\HIPAccSources\ConvFloat\ConvFloatSSE2.cpp">
      <Filter>HIPAcc\HIPAccSources\ConvFloat</Filter>
    </HIPAccCompiler>
    <HIPAccCompiler Include="..\..\src\Convolution\HIPAccSources\ConvFloat\ConvFloatSSE3.cpp">
      <Filter>HIPAcc\HIPAccSources\ConvFloat</Filter>
    </HIPAccCompiler>
    <HIPAccCompiler Include="..\..\src\Convolution\HIPAccSources\ConvFloat\ConvFloatSSE4_1.cpp">
      <Filter>HIPAcc\HIPAccSources\ConvFloat</Filter>
    </HIPAccCompiler>
    <HIPAccCompiler Include="..\..\src\Convolution\HIPAccSources\ConvFloat\ConvFloatSSE4_2.cpp">
      <Filter>HIPAcc\HIPAccSources\ConvFloat</Filter>
    </HIPAccCompiler>
    <HIPAccCompiler Include="..\..\src\Convolution\HIPAccSources\ConvFloat\ConvFloatSSSE3.cpp">
      <Filter>HIPAcc\HIPAccSources\ConvFloat</Filter>
    </HIPAccCompiler>
  </ItemGroup>
</Project>