<?xml version="1.0" encoding="utf-8"?>
<Project ToolsVersion="4.0" xmlns="http://schemas.microsoft.com/developer/msbuild/2003">
  <ItemGroup>
    <Filter Include="Source Files">
      <UniqueIdentifier>{4FC737F1-C7A5-4376-A066-2A32D752A2FF}</UniqueIdentifier>
      <Extensions>cpp;c;cc;cxx;def;odl;idl;hpj;bat;asm;asmx</Extensions>
    </Filter>
    <Filter Include="Header Files">
      <UniqueIdentifier>{93995380-89BD-4b04-88EB-625FBE52EBFB}</UniqueIdentifier>
      <Extensions>h;hh;hpp;hxx;hm;inl;inc;xsd</Extensions>
    </Filter>
    <Filter Include="HIPAcc">
      <UniqueIdentifier>{4dc75de4-e5ad-46d6-bf86-e7a2a91ffda9}</UniqueIdentifier>
    </Filter>
    <Filter Include="HIPAcc\HIPAccSources">
      <UniqueIdentifier>{accc32f4-ac7f-41f4-9824-fb3308acc47a}</UniqueIdentifier>
    </Filter>
    <Filter Include="HIPAcc\HIPAccSources\AddFloat">
      <UniqueIdentifier>{b0b6a769-a90a-48de-a3fb-e5e852695ad9}</UniqueIdentifier>
    </Filter>
    <Filter Include="HIPAcc\HIPAccOutputs">
      <UniqueIdentifier>{f3a82e81-bcf9-47b8-a27b-a19602e2bcf0}</UniqueIdentifier>
    </Filter>
    <Filter Include="HIPAcc\Kernels">
      <UniqueIdentifier>{76c3119e-e03b-4f3d-9ccf-95f65881f5bc}</UniqueIdentifier>
    </Filter>
    <Filter Include="HIPAcc\HIPAccOutputs\AddFloat">
      <UniqueIdentifier>{2e94fca6-7ffb-430d-b186-6bdd0ded45f1}</UniqueIdentifier>
    </Filter>
    <Filter Include="HIPAcc\Kernels\AddFloat">
      <UniqueIdentifier>{f96b6039-01e7-48a9-9e5a-da3fecd5dede}</UniqueIdentifier>
    </Filter>
    <Filter Include="Public Header Files">
      <UniqueIdentifier>{d7a52815-ae1e-4677-8c5a-0b183763c7cf}</UniqueIdentifier>
    </Filter>
    <Filter Include="Source Files\ImageAddInt">
      <UniqueIdentifier>{7fcaaaf8-94ba-46c3-999e-7b48ffc0eb2a}</UniqueIdentifier>
    </Filter>
    <Filter Include="HIPAcc\HIPAccSources\AddInt">
      <UniqueIdentifier>{cb1af74b-5b13-4ec5-81c1-b506d3d26314}</UniqueIdentifier>
    </Filter>
    <Filter Include="HIPAcc\HIPAccOutputs\AddInt">
      <UniqueIdentifier>{73eb58a8-c87a-4248-9238-929e97c46f48}</UniqueIdentifier>
    </Filter>
    <Filter Include="HIPAcc\Kernels\AddInt">
      <UniqueIdentifier>{79570272-c07a-4475-adeb-5186b877df66}</UniqueIdentifier>
    </Filter>
    <Filter Include="Source Files\ImageAddFloat">
      <UniqueIdentifier>{3d85f7e9-2d0b-4db2-9fb3-c72bf2d552d7}</UniqueIdentifier>
    </Filter>
    <Filter Include="Source Files\ImageAddUInt8">
      <UniqueIdentifier>{b13c29f4-4725-4526-81ce-16061f4cf8c7}</UniqueIdentifier>
    </Filter>
    <Filter Include="HIPAcc\Kernels\AddUInt8">
      <UniqueIdentifier>{acc34640-ab84-4846-b037-938fffb5733e}</UniqueIdentifier>
    </Filter>
    <Filter Include="HIPAcc\HIPAccSources\AddUInt8">
      <UniqueIdentifier>{16d237c1-bf31-48d2-8251-9bc66b4c37cf}</UniqueIdentifier>
    </Filter>
    <Filter Include="HIPAcc\HIPAccOutputs\AddUInt8">
      <UniqueIdentifier>{279997e2-3977-46ad-90fc-fb014a912153}</UniqueIdentifier>
    </Filter>
  </ItemGroup>
  <ItemGroup>
    <ClCompile Include="..\..\src\ImageAdd\HIPAccOutputs\AddFloatAVX_out.cpp">
      <Filter>HIPAcc\HIPAccOutputs\AddFloat</Filter>
    </ClCompile>
    <ClCompile Include="..\..\src\ImageAdd\HIPAccOutputs\AddFloatScalar_out.cpp">
      <Filter>HIPAcc\HIPAccOutputs\AddFloat</Filter>
    </ClCompile>
    <ClCompile Include="..\..\src\ImageAdd\HIPAccOutputs\AddFloatSSE_out.cpp">
      <Filter>HIPAcc\HIPAccOutputs\AddFloat</Filter>
    </ClCompile>
    <ClCompile Include="..\..\src\ImageAdd\HIPAccOutputs\AddFloatSSE2_out.cpp">
      <Filter>HIPAcc\HIPAccOutputs\AddFloat</Filter>
    </ClCompile>
    <ClCompile Include="..\..\src\ImageAdd\HIPAccOutputs\AddFloatSSE3_out.cpp">
      <Filter>HIPAcc\HIPAccOutputs\AddFloat</Filter>
    </ClCompile>
    <ClCompile Include="..\..\src\ImageAdd\HIPAccOutputs\AddFloatSSE4_1_out.cpp">
      <Filter>HIPAcc\HIPAccOutputs\AddFloat</Filter>
    </ClCompile>
    <ClCompile Include="..\..\src\ImageAdd\HIPAccOutputs\AddFloatSSE4_2_out.cpp">
      <Filter>HIPAcc\HIPAccOutputs\AddFloat</Filter>
    </ClCompile>
    <ClCompile Include="..\..\src\ImageAdd\HIPAccOutputs\AddFloatSSSE3_out.cpp">
      <Filter>HIPAcc\HIPAccOutputs\AddFloat</Filter>
    </ClCompile>
    <ClCompile Include="ccAddFloat_AVXfilter.cc">
      <Filter>HIPAcc\Kernels\AddFloat</Filter>
    </ClCompile>
    <ClCompile Include="ccAddFloat_Scalarfilter.cc">
      <Filter>HIPAcc\Kernels\AddFloat</Filter>
    </ClCompile>
    <ClCompile Include="ccAddFloat_SSE2filter.cc">
      <Filter>HIPAcc\Kernels\AddFloat</Filter>
    </ClCompile>
    <ClCompile Include="ccAddFloat_SSE3filter.cc">
      <Filter>HIPAcc\Kernels\AddFloat</Filter>
    </ClCompile>
    <ClCompile Include="ccAddFloat_SSE4_1filter.cc">
      <Filter>HIPAcc\Kernels\AddFloat</Filter>
    </ClCompile>
    <ClCompile Include="ccAddFloat_SSE4_2filter.cc">
      <Filter>HIPAcc\Kernels\AddFloat</Filter>
    </ClCompile>
    <ClCompile Include="ccAddFloat_SSEfilter.cc">
      <Filter>HIPAcc\Kernels\AddFloat</Filter>
    </ClCompile>
    <ClCompile Include="ccAddFloat_SSSE3filter.cc">
      <Filter>HIPAcc\Kernels\AddFloat</Filter>
    </ClCompile>
    <ClCompile Include="..\..\src\ImageAdd\ImageAdd.cpp">
      <Filter>Source Files</Filter>
    </ClCompile>
    <ClCompile Include="..\..\src\ImageAdd\ImageAddInt\ImageAddInt.cpp">
      <Filter>Source Files\ImageAddInt</Filter>
    </ClCompile>
    <ClCompile Include="..\..\src\ImageAdd\ImageAddInt\ImageAddIntHandlersAVX.cpp">
      <Filter>Source Files\ImageAddInt</Filter>
    </ClCompile>
    <ClCompile Include="..\..\src\ImageAdd\ImageAddInt\ImageAddIntHandlersScalar.cpp">
      <Filter>Source Files\ImageAddInt</Filter>
    </ClCompile>
    <ClCompile Include="..\..\src\ImageAdd\ImageAddInt\ImageAddIntHandlersSSE.cpp">
      <Filter>Source Files\ImageAddInt</Filter>
    </ClCompile>
    <ClCompile Include="..\..\src\ImageAdd\HIPAccOutputs\AddIntAVX_out.cpp">
      <Filter>HIPAcc\HIPAccOutputs\AddInt</Filter>
    </ClCompile>
    <ClCompile Include="..\..\src\ImageAdd\HIPAccOutputs\AddIntScalar_out.cpp">
      <Filter>HIPAcc\HIPAccOutputs\AddInt</Filter>
    </ClCompile>
    <ClCompile Include="..\..\src\ImageAdd\HIPAccOutputs\AddIntSSE2_out.cpp">
      <Filter>HIPAcc\HIPAccOutputs\AddInt</Filter>
    </ClCompile>
    <ClCompile Include="..\..\src\ImageAdd\HIPAccOutputs\AddIntSSE3_out.cpp">
      <Filter>HIPAcc\HIPAccOutputs\AddInt</Filter>
    </ClCompile>
    <ClCompile Include="..\..\src\ImageAdd\HIPAccOutputs\AddIntSSE4_1_out.cpp">
      <Filter>HIPAcc\HIPAccOutputs\AddInt</Filter>
    </ClCompile>
    <ClCompile Include="..\..\src\ImageAdd\HIPAccOutputs\AddIntSSE4_2_out.cpp">
      <Filter>HIPAcc\HIPAccOutputs\AddInt</Filter>
    </ClCompile>
    <ClCompile Include="..\..\src\ImageAdd\HIPAccOutputs\AddIntSSSE3_out.cpp">
      <Filter>HIPAcc\HIPAccOutputs\AddInt</Filter>
    </ClCompile>
    <ClCompile Include="ccAddInt_AVXfilter.cc">
      <Filter>HIPAcc\Kernels\AddInt</Filter>
    </ClCompile>
    <ClCompile Include="ccAddInt_Scalarfilter.cc">
      <Filter>HIPAcc\Kernels\AddInt</Filter>
    </ClCompile>
    <ClCompile Include="ccAddInt_SSE2filter.cc">
      <Filter>HIPAcc\Kernels\AddInt</Filter>
    </ClCompile>
    <ClCompile Include="ccAddInt_SSE3filter.cc">
      <Filter>HIPAcc\Kernels\AddInt</Filter>
    </ClCompile>
    <ClCompile Include="ccAddInt_SSE4_1filter.cc">
      <Filter>HIPAcc\Kernels\AddInt</Filter>
    </ClCompile>
    <ClCompile Include="ccAddInt_SSE4_2filter.cc">
      <Filter>HIPAcc\Kernels\AddInt</Filter>
    </ClCompile>
    <ClCompile Include="ccAddInt_SSSE3filter.cc">
      <Filter>HIPAcc\Kernels\AddInt</Filter>
    </ClCompile>
    <ClCompile Include="..\..\src\ImageAdd\ImageAddFloat\ImageAddFloat.cpp">
      <Filter>Source Files\ImageAddFloat</Filter>
    </ClCompile>
    <ClCompile Include="..\..\src\ImageAdd\ImageAddFloat\ImageAddFloatHandlersAVX.cpp">
      <Filter>Source Files\ImageAddFloat</Filter>
    </ClCompile>
    <ClCompile Include="..\..\src\ImageAdd\ImageAddFloat\ImageAddFloatHandlersSSE.cpp">
      <Filter>Source Files\ImageAddFloat</Filter>
    </ClCompile>
    <ClCompile Include="..\..\src\ImageAdd\ImageAddFloat\ImageAddFloatHandlersScalar.cpp">
      <Filter>Source Files\ImageAddFloat</Filter>
    </ClCompile>
    <ClCompile Include="..\..\src\ImageAdd\ImageAddUInt8\ImageAddUInt8.cpp">
      <Filter>Source Files\ImageAddUInt8</Filter>
    </ClCompile>
    <ClCompile Include="..\..\src\ImageAdd\ImageAddUInt8\ImageAddUInt8HandlersAVX.cpp">
      <Filter>Source Files\ImageAddUInt8</Filter>
    </ClCompile>
    <ClCompile Include="..\..\src\ImageAdd\ImageAddUInt8\ImageAddUInt8HandlersScalar.cpp">
      <Filter>Source Files\ImageAddUInt8</Filter>
    </ClCompile>
    <ClCompile Include="..\..\src\ImageAdd\ImageAddUInt8\ImageAddUInt8HandlersSSE.cpp">
      <Filter>Source Files\ImageAddUInt8</Filter>
    </ClCompile>
    <ClCompile Include="..\..\src\ImageAdd\HIPAccOutputs\AddUInt8AVX_out.cpp">
      <Filter>HIPAcc\HIPAccOutputs\AddUInt8</Filter>
    </ClCompile>
    <ClCompile Include="..\..\src\ImageAdd\HIPAccOutputs\AddUInt8Scalar_out.cpp">
      <Filter>HIPAcc\HIPAccOutputs\AddUInt8</Filter>
    </ClCompile>
    <ClCompile Include="..\..\src\ImageAdd\HIPAccOutputs\AddUInt8SSE2_out.cpp">
      <Filter>HIPAcc\HIPAccOutputs\AddUInt8</Filter>
    </ClCompile>
    <ClCompile Include="..\..\src\ImageAdd\HIPAccOutputs\AddUInt8SSE3_out.cpp">
      <Filter>HIPAcc\HIPAccOutputs\AddUInt8</Filter>
    </ClCompile>
    <ClCompile Include="..\..\src\ImageAdd\HIPAccOutputs\AddUInt8SSE4_1_out.cpp">
      <Filter>HIPAcc\HIPAccOutputs\AddUInt8</Filter>
    </ClCompile>
    <ClCompile Include="..\..\src\ImageAdd\HIPAccOutputs\AddUInt8SSE4_2_out.cpp">
      <Filter>HIPAcc\HIPAccOutputs\AddUInt8</Filter>
    </ClCompile>
    <ClCompile Include="..\..\src\ImageAdd\HIPAccOutputs\AddUInt8SSSE3_out.cpp">
      <Filter>HIPAcc\HIPAccOutputs\AddUInt8</Filter>
    </ClCompile>
    <ClCompile Include="ccAddUInt8_AVXfilter.cc">
      <Filter>HIPAcc\Kernels\AddUInt8</Filter>
    </ClCompile>
    <ClCompile Include="ccAddUInt8_Scalarfilter.cc">
      <Filter>HIPAcc\Kernels\AddUInt8</Filter>
    </ClCompile>
    <ClCompile Include="ccAddUInt8_SSE2filter.cc">
      <Filter>HIPAcc\Kernels\AddUInt8</Filter>
    </ClCompile>
    <ClCompile Include="ccAddUInt8_SSE3filter.cc">
      <Filter>HIPAcc\Kernels\AddUInt8</Filter>
    </ClCompile>
    <ClCompile Include="ccAddUInt8_SSE4_1filter.cc">
      <Filter>HIPAcc\Kernels\AddUInt8</Filter>
    </ClCompile>
    <ClCompile Include="ccAddUInt8_SSE4_2filter.cc">
      <Filter>HIPAcc\Kernels\AddUInt8</Filter>
    </ClCompile>
    <ClCompile Include="ccAddUInt8_SSSE3filter.cc">
      <Filter>HIPAcc\Kernels\AddUInt8</Filter>
    </ClCompile>
  </ItemGroup>
  <ItemGroup>
    <ClInclude Include="..\..\src\ImageAdd\HIPAccSources\AddGeneric.hxx">
      <Filter>HIPAcc\HIPAccSources</Filter>
    </ClInclude>
    <ClInclude Include="..\..\include\ImageAdd\ImageAdd.h">
      <Filter>Public Header Files</Filter>
    </ClInclude>
    <ClInclude Include="..\..\src\ImageAdd\ImageAddInt\ImageAddIntHandlers.h">
      <Filter>Source Files\ImageAddInt</Filter>
    </ClInclude>
    <ClInclude Include="..\..\src\ImageAdd\HIPAccSources\AddInt\AddIntDefines.h">
      <Filter>HIPAcc\HIPAccSources\AddInt</Filter>
    </ClInclude>
    <ClInclude Include="..\..\src\ImageAdd\HIPAccSources\AddFloat\AddFloatDefines.h">
      <Filter>HIPAcc\HIPAccSources\AddFloat</Filter>
    </ClInclude>
    <ClInclude Include="..\..\src\ImageAdd\ImageAddFloat\ImageAddFloatHandlers.h">
      <Filter>Source Files\ImageAddFloat</Filter>
    </ClInclude>
    <ClInclude Include="..\..\src\ImageAdd\ImageAddUInt8\ImageAddUInt8Handlers.h">
      <Filter>Source Files\ImageAddUInt8</Filter>
    </ClInclude>
    <ClInclude Include="..\..\src\ImageAdd\HIPAccSources\AddUInt8\AddUInt8Defines.h">
      <Filter>HIPAcc\HIPAccSources\AddUInt8</Filter>
    </ClInclude>
    <ClInclude Include="..\..\src\ImageAdd\ImageAddDefines.h">
      <Filter>Header Files</Filter>
    </ClInclude>
    <ClInclude Include="..\..\src\ImageAdd\ImageAddHandlerDefines.h">
      <Filter>Header Files</Filter>
    </ClInclude>
  </ItemGroup>
  <ItemGroup>
    <HIPAccCompiler Include="..\..\src\ImageAdd\HIPAccSources\AddInt\AddIntAVX.cpp">
      <Filter>HIPAcc\HIPAccSources\AddInt</Filter>
    </HIPAccCompiler>
    <HIPAccCompiler Include="..\..\src\ImageAdd\HIPAccSources\AddInt\AddIntScalar.cpp">
      <Filter>HIPAcc\HIPAccSources\AddInt</Filter>
    </HIPAccCompiler>
    <HIPAccCompiler Include="..\..\src\ImageAdd\HIPAccSources\AddInt\AddIntSSE2.cpp">
      <Filter>HIPAcc\HIPAccSources\AddInt</Filter>
    </HIPAccCompiler>
    <HIPAccCompiler Include="..\..\src\ImageAdd\HIPAccSources\AddInt\AddIntSSE3.cpp">
      <Filter>HIPAcc\HIPAccSources\AddInt</Filter>
    </HIPAccCompiler>
    <HIPAccCompiler Include="..\..\src\ImageAdd\HIPAccSources\AddInt\AddIntSSE4_1.cpp">
      <Filter>HIPAcc\HIPAccSources\AddInt</Filter>
    </HIPAccCompiler>
    <HIPAccCompiler Include="..\..\src\ImageAdd\HIPAccSources\AddInt\AddIntSSE4_2.cpp">
      <Filter>HIPAcc\HIPAccSources\AddInt</Filter>
    </HIPAccCompiler>
    <HIPAccCompiler Include="..\..\src\ImageAdd\HIPAccSources\AddInt\AddIntSSSE3.cpp">
      <Filter>HIPAcc\HIPAccSources\AddInt</Filter>
    </HIPAccCompiler>
    <HIPAccCompiler Include="..\..\src\ImageAdd\HIPAccSources\AddFloat\AddFloatAVX.cpp">
      <Filter>HIPAcc\HIPAccSources\AddFloat</Filter>
    </HIPAccCompiler>
    <HIPAccCompiler Include="..\..\src\ImageAdd\HIPAccSources\AddFloat\AddFloatScalar.cpp">
      <Filter>HIPAcc\HIPAccSources\AddFloat</Filter>
    </HIPAccCompiler>
    <HIPAccCompiler Include="..\..\src\ImageAdd\HIPAccSources\AddFloat\AddFloatSSE.cpp">
      <Filter>HIPAcc\HIPAccSources\AddFloat</Filter>
    </HIPAccCompiler>
    <HIPAccCompiler Include="..\..\src\ImageAdd\HIPAccSources\AddFloat\AddFloatSSE2.cpp">
      <Filter>HIPAcc\HIPAccSources\AddFloat</Filter>
    </HIPAccCompiler>
    <HIPAccCompiler Include="..\..\src\ImageAdd\HIPAccSources\AddFloat\AddFloatSSE3.cpp">
      <Filter>HIPAcc\HIPAccSources\AddFloat</Filter>
    </HIPAccCompiler>
    <HIPAccCompiler Include="..\..\src\ImageAdd\HIPAccSources\AddFloat\AddFloatSSE4_1.cpp">
      <Filter>HIPAcc\HIPAccSources\AddFloat</Filter>
    </HIPAccCompiler>
    <HIPAccCompiler Include="..\..\src\ImageAdd\HIPAccSources\AddFloat\AddFloatSSE4_2.cpp">
      <Filter>HIPAcc\HIPAccSources\AddFloat</Filter>
    </HIPAccCompiler>
    <HIPAccCompiler Include="..\..\src\ImageAdd\HIPAccSources\AddFloat\AddFloatSSSE3.cpp">
      <Filter>HIPAcc\HIPAccSources\AddFloat</Filter>
    </HIPAccCompiler>
    <HIPAccCompiler Include="..\..\src\ImageAdd\HIPAccSources\AddUInt8\AddUInt8SSSE3.cpp">
      <Filter>HIPAcc\HIPAccSources\AddUInt8</Filter>
    </HIPAccCompiler>
    <HIPAccCompiler Include="..\..\src\ImageAdd\HIPAccSources\AddUInt8\AddUInt8AVX.cpp">
      <Filter>HIPAcc\HIPAccSources\AddUInt8</Filter>
    </HIPAccCompiler>
    <HIPAccCompiler Include="..\..\src\ImageAdd\HIPAccSources\AddUInt8\AddUInt8Scalar.cpp">
      <Filter>HIPAcc\HIPAccSources\AddUInt8</Filter>
    </HIPAccCompiler>
    <HIPAccCompiler Include="..\..\src\ImageAdd\HIPAccSources\AddUInt8\AddUInt8SSE2.cpp">
      <Filter>HIPAcc\HIPAccSources\AddUInt8</Filter>
    </HIPAccCompiler>
    <HIPAccCompiler Include="..\..\src\ImageAdd\HIPAccSources\AddUInt8\AddUInt8SSE3.cpp">
      <Filter>HIPAcc\HIPAccSources\AddUInt8</Filter>
    </HIPAccCompiler>
    <HIPAccCompiler Include="..\..\src\ImageAdd\HIPAccSources\AddUInt8\AddUInt8SSE4_1.cpp">
      <Filter>HIPAcc\HIPAccSources\AddUInt8</Filter>
    </HIPAccCompiler>
    <HIPAccCompiler Include="..\..\src\ImageAdd\HIPAccSources\AddUInt8\AddUInt8SSE4_2.cpp">
      <Filter>HIPAcc\HIPAccSources\AddUInt8</Filter>
    </HIPAccCompiler>
  </ItemGroup>
</Project>