<?xml version="1.0" encoding="utf-8"?>
<Project ToolsVersion="4.0" xmlns="http://schemas.microsoft.com/developer/msbuild/2003">
  <ItemGroup>
    <Filter Include="Source Files">
      <UniqueIdentifier>{4FC737F1-C7A5-4376-A066-2A32D752A2FF}</UniqueIdentifier>
      <Extensions>cpp;c;cc;cxx;def;odl;idl;hpj;bat;asm;asmx</Extensions>
    </Filter>
    <Filter Include="Header Files">
      <UniqueIdentifier>{93995380-89BD-4b04-88EB-625FBE52EBFB}</UniqueIdentifier>
      <Extensions>h;hh;hpp;hxx;hm;inl;inc;xsd</Extensions>
    </Filter>
    <Filter Include="Public Header Files">
      <UniqueIdentifier>{407056d6-9498-409d-9950-020ff58c48ee}</UniqueIdentifier>
    </Filter>
    <Filter Include="Source Files\BubbleSortMedianOptimizedFloat">
      <UniqueIdentifier>{7a375e9a-fbbb-43a1-9df3-9b3bc730fd4d}</UniqueIdentifier>
    </Filter>
    <Filter Include="HIPAcc">
      <UniqueIdentifier>{2ec5ad91-c7d7-4247-a8f9-ebe4c0d2143f}</UniqueIdentifier>
    </Filter>
    <Filter Include="HIPAcc\HIPAccOutputs">
      <UniqueIdentifier>{08e6e7d1-8a00-40fa-9b95-07c06e22733c}</UniqueIdentifier>
    </Filter>
    <Filter Include="HIPAcc\HIPAccSources">
      <UniqueIdentifier>{f1d8f1ec-5c33-457c-bdce-cfc0e3f87a6b}</UniqueIdentifier>
    </Filter>
    <Filter Include="HIPAcc\Kernels">
      <UniqueIdentifier>{b692cbad-994a-4478-8ebf-a711fcdd4787}</UniqueIdentifier>
    </Filter>
    <Filter Include="HIPAcc\HIPAccOutputs\BubbleSortOptFloat">
      <UniqueIdentifier>{a3418883-7fa0-4e26-915d-a846df635048}</UniqueIdentifier>
    </Filter>
    <Filter Include="HIPAcc\HIPAccSources\BubbleSortOptFloat">
      <UniqueIdentifier>{93742fe6-60cd-4709-8e27-ce331a155927}</UniqueIdentifier>
    </Filter>
    <Filter Include="HIPAcc\Kernels\BubbleSortOptFloat">
      <UniqueIdentifier>{62db0a3f-dd63-49d9-849f-1ded9c322b0a}</UniqueIdentifier>
    </Filter>
    <Filter Include="HIPAcc\HIPAccOutputs\BubbleSortOptUInt8">
      <UniqueIdentifier>{7bbab65b-ce91-4dd3-94b8-eda55ae7a03a}</UniqueIdentifier>
    </Filter>
    <Filter Include="HIPAcc\HIPAccSources\BubbleSortOptUInt8">
      <UniqueIdentifier>{402c1187-3648-4e50-900c-50ecf6e403b7}</UniqueIdentifier>
    </Filter>
    <Filter Include="HIPAcc\Kernels\BubbleSortOptUInt8">
      <UniqueIdentifier>{390e11a8-77f7-43ab-a2ed-b260cc1bbb53}</UniqueIdentifier>
    </Filter>
    <Filter Include="Source Files\BubbleSortMedianOptimizedUInt8">
      <UniqueIdentifier>{c402afae-ab17-429c-aace-8a555df50950}</UniqueIdentifier>
    </Filter>
  </ItemGroup>
  <ItemGroup>
    <Text Include="ReadMe.txt" />
  </ItemGroup>
  <ItemGroup>
    <ClCompile Include="..\..\src\BubbleSortMedianOptimized\BubbleSortMedianOptimized.cpp">
      <Filter>Source Files</Filter>
    </ClCompile>
    <ClCompile Include="..\..\src\BubbleSortMedianOptimized\stdafx.cpp">
      <Filter>Source Files</Filter>
    </ClCompile>
    <ClCompile Include="..\..\src\BubbleSortMedianOptimized\BubbleSortMedianOptimizedFloat\BubbleSortMedianOptimizedFloat.cpp">
      <Filter>Source Files\BubbleSortMedianOptimizedFloat</Filter>
    </ClCompile>
    <ClCompile Include="..\..\src\BubbleSortMedianOptimized\BubbleSortMedianOptimizedFloat\BubbleSortMedianOptimizedFloatHandlersAVX.cpp">
      <Filter>Source Files\BubbleSortMedianOptimizedFloat</Filter>
    </ClCompile>
    <ClCompile Include="..\..\src\BubbleSortMedianOptimized\BubbleSortMedianOptimizedFloat\BubbleSortMedianOptimizedFloatHandlersScalar.cpp">
      <Filter>Source Files\BubbleSortMedianOptimizedFloat</Filter>
    </ClCompile>
    <ClCompile Include="..\..\src\BubbleSortMedianOptimized\BubbleSortMedianOptimizedFloat\BubbleSortMedianOptimizedFloatHandlersSSE.cpp">
      <Filter>Source Files\BubbleSortMedianOptimizedFloat</Filter>
    </ClCompile>
    <ClCompile Include="..\..\src\BubbleSortMedianOptimized\HIPAccOutputs\BubbleSortOptFloatArray_out.cpp">
      <Filter>HIPAcc\HIPAccOutputs\BubbleSortOptFloat</Filter>
    </ClCompile>
    <ClCompile Include="..\..\src\BubbleSortMedianOptimized\HIPAccOutputs\BubbleSortOptFloatAVX_out.cpp">
      <Filter>HIPAcc\HIPAccOutputs\BubbleSortOptFloat</Filter>
    </ClCompile>
    <ClCompile Include="..\..\src\BubbleSortMedianOptimized\HIPAccOutputs\BubbleSortOptFloatScalar_out.cpp">
      <Filter>HIPAcc\HIPAccOutputs\BubbleSortOptFloat</Filter>
    </ClCompile>
    <ClCompile Include="..\..\src\BubbleSortMedianOptimized\HIPAccOutputs\BubbleSortOptFloatSSE2_out.cpp">
      <Filter>HIPAcc\HIPAccOutputs\BubbleSortOptFloat</Filter>
    </ClCompile>
    <ClCompile Include="..\..\src\BubbleSortMedianOptimized\HIPAccOutputs\BubbleSortOptFloatSSE3_out.cpp">
      <Filter>HIPAcc\HIPAccOutputs\BubbleSortOptFloat</Filter>
    </ClCompile>
    <ClCompile Include="..\..\src\BubbleSortMedianOptimized\HIPAccOutputs\BubbleSortOptFloatSSE4_1_out.cpp">
      <Filter>HIPAcc\HIPAccOutputs\BubbleSortOptFloat</Filter>
    </ClCompile>
    <ClCompile Include="..\..\src\BubbleSortMedianOptimized\HIPAccOutputs\BubbleSortOptFloatSSE4_2_out.cpp">
      <Filter>HIPAcc\HIPAccOutputs\BubbleSortOptFloat</Filter>
    </ClCompile>
    <ClCompile Include="..\..\src\BubbleSortMedianOptimized\HIPAccOutputs\BubbleSortOptFloatSSSE3_out.cpp">
      <Filter>HIPAcc\HIPAccOutputs\BubbleSortOptFloat</Filter>
    </ClCompile>
    <ClCompile Include="ccBubbleSortOptFloat_Arrayfilter.cc">
      <Filter>HIPAcc\Kernels\BubbleSortOptFloat</Filter>
    </ClCompile>
    <ClCompile Include="ccBubbleSortOptFloat_AVXfilter.cc">
      <Filter>HIPAcc\Kernels\BubbleSortOptFloat</Filter>
    </ClCompile>
    <ClCompile Include="ccBubbleSortOptFloat_Scalarfilter.cc">
      <Filter>HIPAcc\Kernels\BubbleSortOptFloat</Filter>
    </ClCompile>
    <ClCompile Include="ccBubbleSortOptFloat_SSE2filter.cc">
      <Filter>HIPAcc\Kernels\BubbleSortOptFloat</Filter>
    </ClCompile>
    <ClCompile Include="ccBubbleSortOptFloat_SSE3filter.cc">
      <Filter>HIPAcc\Kernels\BubbleSortOptFloat</Filter>
    </ClCompile>
    <ClCompile Include="ccBubbleSortOptFloat_SSE4_1filter.cc">
      <Filter>HIPAcc\Kernels\BubbleSortOptFloat</Filter>
    </ClCompile>
    <ClCompile Include="ccBubbleSortOptFloat_SSE4_2filter.cc">
      <Filter>HIPAcc\Kernels\BubbleSortOptFloat</Filter>
    </ClCompile>
    <ClCompile Include="ccBubbleSortOptFloat_SSSE3filter.cc">
      <Filter>HIPAcc\Kernels\BubbleSortOptFloat</Filter>
    </ClCompile>
    <ClCompile Include="..\..\src\BubbleSortMedianOptimized\BubbleSortMedianOptimizedUInt8\BubbleSortMedianOptimizedUInt8.cpp">
      <Filter>Source Files\BubbleSortMedianOptimizedUInt8</Filter>
    </ClCompile>
    <ClCompile Include="..\..\src\BubbleSortMedianOptimized\BubbleSortMedianOptimizedUInt8\BubbleSortMedianOptimizedUInt8HandlersAVX.cpp">
      <Filter>Source Files\BubbleSortMedianOptimizedUInt8</Filter>
    </ClCompile>
    <ClCompile Include="..\..\src\BubbleSortMedianOptimized\BubbleSortMedianOptimizedUInt8\BubbleSortMedianOptimizedUInt8HandlersScalar.cpp">
      <Filter>Source Files\BubbleSortMedianOptimizedUInt8</Filter>
    </ClCompile>
    <ClCompile Include="..\..\src\BubbleSortMedianOptimized\BubbleSortMedianOptimizedUInt8\BubbleSortMedianOptimizedUInt8HandlersSSE.cpp">
      <Filter>Source Files\BubbleSortMedianOptimizedUInt8</Filter>
    </ClCompile>
    <ClCompile Include="..\..\src\BubbleSortMedianOptimized\HIPAccOutputs\BubbleSortOptUInt8Array_out.cpp">
      <Filter>HIPAcc\HIPAccOutputs\BubbleSortOptUInt8</Filter>
    </ClCompile>
    <ClCompile Include="..\..\src\BubbleSortMedianOptimized\HIPAccOutputs\BubbleSortOptUInt8AVX_out.cpp">
      <Filter>HIPAcc\HIPAccOutputs\BubbleSortOptUInt8</Filter>
    </ClCompile>
    <ClCompile Include="..\..\src\BubbleSortMedianOptimized\HIPAccOutputs\BubbleSortOptUInt8Scalar_out.cpp">
      <Filter>HIPAcc\HIPAccOutputs\BubbleSortOptUInt8</Filter>
    </ClCompile>
    <ClCompile Include="..\..\src\BubbleSortMedianOptimized\HIPAccOutputs\BubbleSortOptUInt8SSE2_out.cpp">
      <Filter>HIPAcc\HIPAccOutputs\BubbleSortOptUInt8</Filter>
    </ClCompile>
    <ClCompile Include="..\..\src\BubbleSortMedianOptimized\HIPAccOutputs\BubbleSortOptUInt8SSE3_out.cpp">
      <Filter>HIPAcc\HIPAccOutputs\BubbleSortOptUInt8</Filter>
    </ClCompile>
    <ClCompile Include="..\..\src\BubbleSortMedianOptimized\HIPAccOutputs\BubbleSortOptUInt8SSE4_1_out.cpp">
      <Filter>HIPAcc\HIPAccOutputs\BubbleSortOptUInt8</Filter>
    </ClCompile>
    <ClCompile Include="..\..\src\BubbleSortMedianOptimized\HIPAccOutputs\BubbleSortOptUInt8SSE4_2_out.cpp">
      <Filter>HIPAcc\HIPAccOutputs\BubbleSortOptUInt8</Filter>
    </ClCompile>
    <ClCompile Include="..\..\src\BubbleSortMedianOptimized\HIPAccOutputs\BubbleSortOptUInt8SSSE3_out.cpp">
      <Filter>HIPAcc\HIPAccOutputs\BubbleSortOptUInt8</Filter>
    </ClCompile>
    <ClCompile Include="ccBubbleSortOptUInt8_Arrayfilter.cc">
      <Filter>HIPAcc\Kernels\BubbleSortOptUInt8</Filter>
    </ClCompile>
    <ClCompile Include="ccBubbleSortOptUInt8_AVXfilter.cc">
      <Filter>HIPAcc\Kernels\BubbleSortOptUInt8</Filter>
    </ClCompile>
    <ClCompile Include="ccBubbleSortOptUInt8_Scalarfilter.cc">
      <Filter>HIPAcc\Kernels\BubbleSortOptUInt8</Filter>
    </ClCompile>
    <ClCompile Include="ccBubbleSortOptUInt8_SSE2filter.cc">
      <Filter>HIPAcc\Kernels\BubbleSortOptUInt8</Filter>
    </ClCompile>
    <ClCompile Include="ccBubbleSortOptUInt8_SSE3filter.cc">
      <Filter>HIPAcc\Kernels\BubbleSortOptUInt8</Filter>
    </ClCompile>
    <ClCompile Include="ccBubbleSortOptUInt8_SSE4_1filter.cc">
      <Filter>HIPAcc\Kernels\BubbleSortOptUInt8</Filter>
    </ClCompile>
    <ClCompile Include="ccBubbleSortOptUInt8_SSE4_2filter.cc">
      <Filter>HIPAcc\Kernels\BubbleSortOptUInt8</Filter>
    </ClCompile>
    <ClCompile Include="ccBubbleSortOptUInt8_SSSE3filter.cc">
      <Filter>HIPAcc\Kernels\BubbleSortOptUInt8</Filter>
    </ClCompile>
  </ItemGroup>
  <ItemGroup>
    <ClInclude Include="..\..\src\BubbleSortMedianOptimized\stdafx.h">
      <Filter>Header Files</Filter>
    </ClInclude>
    <ClInclude Include="..\..\src\BubbleSortMedianOptimized\targetver.h">
      <Filter>Header Files</Filter>
    </ClInclude>
    <ClInclude Include="..\..\include\BubbleSortMedianOptimized\BubbleSortMedianOptimized.h">
      <Filter>Public Header Files</Filter>
    </ClInclude>
    <ClInclude Include="..\..\src\BubbleSortMedianOptimized\BubbleSortMedianOptimizedFloat\BubbleSortMedianOptimizedFloatHandlers.h">
      <Filter>Source Files\BubbleSortMedianOptimizedFloat</Filter>
    </ClInclude>
    <ClInclude Include="..\..\src\BubbleSortMedianOptimized\HIPAccSources\BubbleSortOptFloat\BubbleSortOptFloatDefines.h">
      <Filter>HIPAcc\HIPAccSources\BubbleSortOptFloat</Filter>
    </ClInclude>
    <ClInclude Include="..\..\src\BubbleSortMedianOptimized\HIPAccSources\BubbleSortOptGeneric.hxx">
      <Filter>HIPAcc\HIPAccSources</Filter>
    </ClInclude>
    <ClInclude Include="..\..\src\BubbleSortMedianOptimized\BubbleSortMedianOptimizedUInt8\BubbleSortMedianOptimizedUInt8Handlers.h">
      <Filter>Source Files\BubbleSortMedianOptimizedUInt8</Filter>
    </ClInclude>
    <ClInclude Include="..\..\src\BubbleSortMedianOptimized\HIPAccSources\BubbleSortOptUInt8\BubbleSortOptUInt8Defines.h">
      <Filter>HIPAcc\HIPAccSources\BubbleSortOptUInt8</Filter>
    </ClInclude>
    <ClInclude Include="..\..\src\BubbleSortMedianOptimized\BubbleSortMedianOptimizedDefines.h">
      <Filter>Header Files</Filter>
    </ClInclude>
  </ItemGroup>
  <ItemGroup>
    <HIPAccCompiler Include="..\..\src\BubbleSortMedianOptimized\HIPAccSources\BubbleSortOptFloat\BubbleSortOptFloatArray.cpp">
      <Filter>HIPAcc\HIPAccSources\BubbleSortOptFloat</Filter>
    </HIPAccCompiler>
    <HIPAccCompiler Include="..\..\src\BubbleSortMedianOptimized\HIPAccSources\BubbleSortOptFloat\BubbleSortOptFloatAVX.cpp">
      <Filter>HIPAcc\HIPAccSources\BubbleSortOptFloat</Filter>
    </HIPAccCompiler>
    <HIPAccCompiler Include="..\..\src\BubbleSortMedianOptimized\HIPAccSources\BubbleSortOptFloat\BubbleSortOptFloatScalar.cpp">
      <Filter>HIPAcc\HIPAccSources\BubbleSortOptFloat</Filter>
    </HIPAccCompiler>
    <HIPAccCompiler Include="..\..\src\BubbleSortMedianOptimized\HIPAccSources\BubbleSortOptFloat\BubbleSortOptFloatSSE2.cpp">
      <Filter>HIPAcc\HIPAccSources\BubbleSortOptFloat</Filter>
    </HIPAccCompiler>
    <HIPAccCompiler Include="..\..\src\BubbleSortMedianOptimized\HIPAccSources\BubbleSortOptFloat\BubbleSortOptFloatSSE3.cpp">
      <Filter>HIPAcc\HIPAccSources\BubbleSortOptFloat</Filter>
    </HIPAccCompiler>
    <HIPAccCompiler Include="..\..\src\BubbleSortMedianOptimized\HIPAccSources\BubbleSortOptFloat\BubbleSortOptFloatSSE4_1.cpp">
      <Filter>HIPAcc\HIPAccSources\BubbleSortOptFloat</Filter>
    </HIPAccCompiler>
    <HIPAccCompiler Include="..\..\src\BubbleSortMedianOptimized\HIPAccSources\BubbleSortOptFloat\BubbleSortOptFloatSSE4_2.cpp">
      <Filter>HIPAcc\HIPAccSources\BubbleSortOptFloat</Filter>
    </HIPAccCompiler>
    <HIPAccCompiler Include="..\..\src\BubbleSortMedianOptimized\HIPAccSources\BubbleSortOptFloat\BubbleSortOptFloatSSSE3.cpp">
      <Filter>HIPAcc\HIPAccSources\BubbleSortOptFloat</Filter>
    </HIPAccCompiler>
    <HIPAccCompiler Include="..\..\src\BubbleSortMedianOptimized\HIPAccSources\BubbleSortOptUInt8\BubbleSortOptUInt8Array.cpp">
      <Filter>HIPAcc\HIPAccSources\BubbleSortOptUInt8</Filter>
    </HIPAccCompiler>
    <HIPAccCompiler Include="..\..\src\BubbleSortMedianOptimized\HIPAccSources\BubbleSortOptUInt8\BubbleSortOptUInt8AVX.cpp">
      <Filter>HIPAcc\HIPAccSources\BubbleSortOptUInt8</Filter>
    </HIPAccCompiler>
    <HIPAccCompiler Include="..\..\src\BubbleSortMedianOptimized\HIPAccSources\BubbleSortOptUInt8\BubbleSortOptUInt8Scalar.cpp">
      <Filter>HIPAcc\HIPAccSources\BubbleSortOptUInt8</Filter>
    </HIPAccCompiler>
    <HIPAccCompiler Include="..\..\src\BubbleSortMedianOptimized\HIPAccSources\BubbleSortOptUInt8\BubbleSortOptUInt8SSE2.cpp">
      <Filter>HIPAcc\HIPAccSources\BubbleSortOptUInt8</Filter>
    </HIPAccCompiler>
    <HIPAccCompiler Include="..\..\src\BubbleSortMedianOptimized\HIPAccSources\BubbleSortOptUInt8\BubbleSortOptUInt8SSE3.cpp">
      <Filter>HIPAcc\HIPAccSources\BubbleSortOptUInt8</Filter>
    </HIPAccCompiler>
    <HIPAccCompiler Include="..\..\src\BubbleSortMedianOptimized\HIPAccSources\BubbleSortOptUInt8\BubbleSortOptUInt8SSE4_1.cpp">
      <Filter>HIPAcc\HIPAccSources\BubbleSortOptUInt8</Filter>
    </HIPAccCompiler>
    <HIPAccCompiler Include="..\..\src\BubbleSortMedianOptimized\HIPAccSources\BubbleSortOptUInt8\BubbleSortOptUInt8SSE4_2.cpp">
      <Filter>HIPAcc\HIPAccSources\BubbleSortOptUInt8</Filter>
    </HIPAccCompiler>
    <HIPAccCompiler Include="..\..\src\BubbleSortMedianOptimized\HIPAccSources\BubbleSortOptUInt8\BubbleSortOptUInt8SSSE3.cpp">
      <Filter>HIPAcc\HIPAccSources\BubbleSortOptUInt8</Filter>
    </HIPAccCompiler>
  </ItemGroup>
</Project>